{
  "object": {
    "pins": [
      {
        "package": "KinUtil",
        "repositoryURL": "/Users/avi/Projects/kin-core-ios/KinSDK/StellarKit/kin-util-ios",
        "state": {
          "branch": null,
          "revision": "f9d7e514dd450480e36b7cd05375b2e4d0ce9c56",
          "version": "0.0.3"
        }
      }
    ]
  },
  "version": 1
}
