// !$*UTF8*$!
{
	archiveVersion = 1;
	classes = {
	};
	objectVersion = 48;
	objects = {

/* Begin PBXAggregateTarget section */
		82340BD51FFE046D0034204F /* CommonCryptoModuleMap */ = {
			isa = PBXAggregateTarget;
			buildConfigurationList = 82340BD61FFE046D0034204F /* Build configuration list for PBXAggregateTarget "CommonCryptoModuleMap" */;
			buildPhases = (
				82340BD91FFE048C0034204F /* ShellScript */,
			);
			dependencies = (
			);
			name = CommonCryptoModuleMap;
			productName = CommonCryptoModuleMap;
		};
/* End PBXAggregateTarget section */

/* Begin PBXBuildFile section */
		82340BA61FFDF2DA0034204F /* SwiftyStellar.framework in Frameworks */ = {isa = PBXBuildFile; fileRef = 82340B9C1FFDF2DA0034204F /* SwiftyStellar.framework */; };
		82340BAB1FFDF2DA0034204F /* SwiftyStellarTests.swift in Sources */ = {isa = PBXBuildFile; fileRef = 82340BAA1FFDF2DA0034204F /* SwiftyStellarTests.swift */; };
		82340BAD1FFDF2DA0034204F /* SwiftyStellar.h in Headers */ = {isa = PBXBuildFile; fileRef = 82340B9F1FFDF2DA0034204F /* SwiftyStellar.h */; settings = {ATTRIBUTES = (Public, ); }; };
		82340BBA1FFDF3390034204F /* Conversion.swift in Sources */ = {isa = PBXBuildFile; fileRef = 82340BB71FFDF3390034204F /* Conversion.swift */; };
		82340BBB1FFDF3390034204F /* XDRCodable.swift in Sources */ = {isa = PBXBuildFile; fileRef = 82340BB81FFDF3390034204F /* XDRCodable.swift */; };
		82340BBC1FFDF3390034204F /* StellarTypes.swift in Sources */ = {isa = PBXBuildFile; fileRef = 82340BB91FFDF3390034204F /* StellarTypes.swift */; };
		82340BC41FFDF3F30034204F /* AppDelegate.swift in Sources */ = {isa = PBXBuildFile; fileRef = 82340BC31FFDF3F30034204F /* AppDelegate.swift */; };
		82340BC61FFDF3F30034204F /* ViewController.swift in Sources */ = {isa = PBXBuildFile; fileRef = 82340BC51FFDF3F30034204F /* ViewController.swift */; };
		82340BC91FFDF3F30034204F /* Main.storyboard in Resources */ = {isa = PBXBuildFile; fileRef = 82340BC71FFDF3F30034204F /* Main.storyboard */; };
		82340BCB1FFDF3F30034204F /* Assets.xcassets in Resources */ = {isa = PBXBuildFile; fileRef = 82340BCA1FFDF3F30034204F /* Assets.xcassets */; };
		82340BCE1FFDF3F30034204F /* LaunchScreen.storyboard in Resources */ = {isa = PBXBuildFile; fileRef = 82340BCC1FFDF3F30034204F /* LaunchScreen.storyboard */; };
		82340BD41FFDF7780034204F /* CommonCrypto.swift in Sources */ = {isa = PBXBuildFile; fileRef = 82340BD31FFDF7780034204F /* CommonCrypto.swift */; };
		82340BDD1FFE24EE0034204F /* Stellar.swift in Sources */ = {isa = PBXBuildFile; fileRef = 82340BDC1FFE24EE0034204F /* Stellar.swift */; };
		82340C45200138E50034204F /* StellarResults.swift in Sources */ = {isa = PBXBuildFile; fileRef = 82340C44200138E50034204F /* StellarResults.swift */; };
		82340C4B20014BFC0034204F /* StellarErrors.swift in Sources */ = {isa = PBXBuildFile; fileRef = 82340C4A20014BFC0034204F /* StellarErrors.swift */; };
/* End PBXBuildFile section */

/* Begin PBXContainerItemProxy section */
		82340BA71FFDF2DA0034204F /* PBXContainerItemProxy */ = {
			isa = PBXContainerItemProxy;
			containerPortal = 82340B931FFDF2DA0034204F /* Project object */;
			proxyType = 1;
			remoteGlobalIDString = 82340B9B1FFDF2DA0034204F;
			remoteInfo = SwiftyStellar;
		};
		82340BDA1FFE04AC0034204F /* PBXContainerItemProxy */ = {
			isa = PBXContainerItemProxy;
			containerPortal = 82340B931FFDF2DA0034204F /* Project object */;
			proxyType = 1;
			remoteGlobalIDString = 82340BD51FFE046D0034204F;
			remoteInfo = CommonCryptoModuleMap;
		};
		E983D2492002223D00E917FA /* PBXContainerItemProxy */ = {
			isa = PBXContainerItemProxy;
			containerPortal = E983D2412002223C00E917FA /* Sodium.xcodeproj */;
			proxyType = 2;
			remoteGlobalIDString = 09A943C71A4EB5F500C8A04F;
			remoteInfo = Sodium_iOS;
		};
		E983D24B2002223D00E917FA /* PBXContainerItemProxy */ = {
			isa = PBXContainerItemProxy;
			containerPortal = E983D2412002223C00E917FA /* Sodium.xcodeproj */;
			proxyType = 2;
			remoteGlobalIDString = 09A943D21A4EB5F500C8A04F;
			remoteInfo = SodiumTests;
		};
		E983D24D2002223D00E917FA /* PBXContainerItemProxy */ = {
			isa = PBXContainerItemProxy;
			containerPortal = E983D2412002223C00E917FA /* Sodium.xcodeproj */;
			proxyType = 2;
			remoteGlobalIDString = 90C75E941AE3571900F1E749;
			remoteInfo = Sodium_OSX;
		};
		E983D24F2002223D00E917FA /* PBXContainerItemProxy */ = {
			isa = PBXContainerItemProxy;
			containerPortal = E983D2412002223C00E917FA /* Sodium.xcodeproj */;
			proxyType = 2;
			remoteGlobalIDString = 901644B61AE36EA700163E3E;
			remoteInfo = "Example iOS";
		};
		E983D2512002223D00E917FA /* PBXContainerItemProxy */ = {
			isa = PBXContainerItemProxy;
			containerPortal = E983D2412002223C00E917FA /* Sodium.xcodeproj */;
			proxyType = 2;
			remoteGlobalIDString = 901644DC1AE36F2D00163E3E;
			remoteInfo = "Example OSX";
		};
		E983D2532002227E00E917FA /* PBXContainerItemProxy */ = {
			isa = PBXContainerItemProxy;
			containerPortal = E983D2412002223C00E917FA /* Sodium.xcodeproj */;
			proxyType = 1;
			remoteGlobalIDString = 09A943C61A4EB5F500C8A04F;
			remoteInfo = Sodium_iOS;
		};
/* End PBXContainerItemProxy section */

/* Begin PBXFileReference section */
		82340B9C1FFDF2DA0034204F /* SwiftyStellar.framework */ = {isa = PBXFileReference; explicitFileType = wrapper.framework; includeInIndex = 0; path = SwiftyStellar.framework; sourceTree = BUILT_PRODUCTS_DIR; };
		82340B9F1FFDF2DA0034204F /* SwiftyStellar.h */ = {isa = PBXFileReference; lastKnownFileType = sourcecode.c.h; path = SwiftyStellar.h; sourceTree = "<group>"; };
		82340BA01FFDF2DA0034204F /* Info.plist */ = {isa = PBXFileReference; lastKnownFileType = text.plist.xml; path = Info.plist; sourceTree = "<group>"; };
		82340BA51FFDF2DA0034204F /* SwiftyStellarTests.xctest */ = {isa = PBXFileReference; explicitFileType = wrapper.cfbundle; includeInIndex = 0; path = SwiftyStellarTests.xctest; sourceTree = BUILT_PRODUCTS_DIR; };
		82340BAA1FFDF2DA0034204F /* SwiftyStellarTests.swift */ = {isa = PBXFileReference; lastKnownFileType = sourcecode.swift; path = SwiftyStellarTests.swift; sourceTree = "<group>"; };
		82340BAC1FFDF2DA0034204F /* Info.plist */ = {isa = PBXFileReference; lastKnownFileType = text.plist.xml; path = Info.plist; sourceTree = "<group>"; };
		82340BB71FFDF3390034204F /* Conversion.swift */ = {isa = PBXFileReference; fileEncoding = 4; lastKnownFileType = sourcecode.swift; path = Conversion.swift; sourceTree = "<group>"; };
		82340BB81FFDF3390034204F /* XDRCodable.swift */ = {isa = PBXFileReference; fileEncoding = 4; lastKnownFileType = sourcecode.swift; path = XDRCodable.swift; sourceTree = "<group>"; };
		82340BB91FFDF3390034204F /* StellarTypes.swift */ = {isa = PBXFileReference; fileEncoding = 4; lastKnownFileType = sourcecode.swift; path = StellarTypes.swift; sourceTree = "<group>"; };
		82340BC11FFDF3F30034204F /* SwiftyStellarHost.app */ = {isa = PBXFileReference; explicitFileType = wrapper.application; includeInIndex = 0; path = SwiftyStellarHost.app; sourceTree = BUILT_PRODUCTS_DIR; };
		82340BC31FFDF3F30034204F /* AppDelegate.swift */ = {isa = PBXFileReference; lastKnownFileType = sourcecode.swift; path = AppDelegate.swift; sourceTree = "<group>"; };
		82340BC51FFDF3F30034204F /* ViewController.swift */ = {isa = PBXFileReference; lastKnownFileType = sourcecode.swift; path = ViewController.swift; sourceTree = "<group>"; };
		82340BC81FFDF3F30034204F /* Base */ = {isa = PBXFileReference; lastKnownFileType = file.storyboard; name = Base; path = Base.lproj/Main.storyboard; sourceTree = "<group>"; };
		82340BCA1FFDF3F30034204F /* Assets.xcassets */ = {isa = PBXFileReference; lastKnownFileType = folder.assetcatalog; path = Assets.xcassets; sourceTree = "<group>"; };
		82340BCD1FFDF3F30034204F /* Base */ = {isa = PBXFileReference; lastKnownFileType = file.storyboard; name = Base; path = Base.lproj/LaunchScreen.storyboard; sourceTree = "<group>"; };
		82340BCF1FFDF3F30034204F /* Info.plist */ = {isa = PBXFileReference; lastKnownFileType = text.plist.xml; path = Info.plist; sourceTree = "<group>"; };
		82340BD31FFDF7780034204F /* CommonCrypto.swift */ = {isa = PBXFileReference; lastKnownFileType = sourcecode.swift; path = CommonCrypto.swift; sourceTree = "<group>"; };
		82340BDC1FFE24EE0034204F /* Stellar.swift */ = {isa = PBXFileReference; lastKnownFileType = sourcecode.swift; path = Stellar.swift; sourceTree = "<group>"; };
		82340C44200138E50034204F /* StellarResults.swift */ = {isa = PBXFileReference; lastKnownFileType = sourcecode.swift; path = StellarResults.swift; sourceTree = "<group>"; };
		82340C4A20014BFC0034204F /* StellarErrors.swift */ = {isa = PBXFileReference; lastKnownFileType = sourcecode.swift; path = StellarErrors.swift; sourceTree = "<group>"; };
		E983D2412002223C00E917FA /* Sodium.xcodeproj */ = {isa = PBXFileReference; lastKnownFileType = "wrapper.pb-project"; name = Sodium.xcodeproj; path = "swift-sodium/Sodium.xcodeproj"; sourceTree = "<group>"; };
		E983D25520023F0E00E917FA /* Foundation.framework */ = {isa = PBXFileReference; lastKnownFileType = wrapper.framework; name = Foundation.framework; path = System/Library/Frameworks/Foundation.framework; sourceTree = SDKROOT; };
/* End PBXFileReference section */

/* Begin PBXFrameworksBuildPhase section */
		82340B981FFDF2DA0034204F /* Frameworks */ = {
			isa = PBXFrameworksBuildPhase;
			buildActionMask = 2147483647;
			files = (
			);
			runOnlyForDeploymentPostprocessing = 0;
		};
		82340BA21FFDF2DA0034204F /* Frameworks */ = {
			isa = PBXFrameworksBuildPhase;
			buildActionMask = 2147483647;
			files = (
				82340BA61FFDF2DA0034204F /* SwiftyStellar.framework in Frameworks */,
			);
			runOnlyForDeploymentPostprocessing = 0;
		};
		82340BBE1FFDF3F30034204F /* Frameworks */ = {
			isa = PBXFrameworksBuildPhase;
			buildActionMask = 2147483647;
			files = (
			);
			runOnlyForDeploymentPostprocessing = 0;
		};
/* End PBXFrameworksBuildPhase section */

/* Begin PBXGroup section */
		82340B921FFDF2DA0034204F = {
			isa = PBXGroup;
			children = (
				E983D2412002223C00E917FA /* Sodium.xcodeproj */,
				82340B9E1FFDF2DA0034204F /* SwiftyStellar */,
				82340BA91FFDF2DA0034204F /* SwiftyStellarTests */,
				82340BC21FFDF3F30034204F /* SwiftyStellarHost */,
				82340B9D1FFDF2DA0034204F /* Products */,
				82340BFC1FFE41AA0034204F /* Frameworks */,
			);
			sourceTree = "<group>";
		};
		82340B9D1FFDF2DA0034204F /* Products */ = {
			isa = PBXGroup;
			children = (
				82340B9C1FFDF2DA0034204F /* SwiftyStellar.framework */,
				82340BA51FFDF2DA0034204F /* SwiftyStellarTests.xctest */,
				82340BC11FFDF3F30034204F /* SwiftyStellarHost.app */,
			);
			name = Products;
			sourceTree = "<group>";
		};
		82340B9E1FFDF2DA0034204F /* SwiftyStellar */ = {
			isa = PBXGroup;
			children = (
				82340BB61FFDF3030034204F /* source */,
				82340B9F1FFDF2DA0034204F /* SwiftyStellar.h */,
				82340BA01FFDF2DA0034204F /* Info.plist */,
			);
			path = SwiftyStellar;
			sourceTree = "<group>";
		};
		82340BA91FFDF2DA0034204F /* SwiftyStellarTests */ = {
			isa = PBXGroup;
			children = (
				82340BAA1FFDF2DA0034204F /* SwiftyStellarTests.swift */,
				82340BAC1FFDF2DA0034204F /* Info.plist */,
			);
			path = SwiftyStellarTests;
			sourceTree = "<group>";
		};
		82340BB61FFDF3030034204F /* source */ = {
			isa = PBXGroup;
			children = (
				82340BB71FFDF3390034204F /* Conversion.swift */,
				82340BB91FFDF3390034204F /* StellarTypes.swift */,
				82340BB81FFDF3390034204F /* XDRCodable.swift */,
				82340BD31FFDF7780034204F /* CommonCrypto.swift */,
				82340BDC1FFE24EE0034204F /* Stellar.swift */,
				82340C44200138E50034204F /* StellarResults.swift */,
				82340C4A20014BFC0034204F /* StellarErrors.swift */,
			);
			path = source;
			sourceTree = "<group>";
		};
		82340BC21FFDF3F30034204F /* SwiftyStellarHost */ = {
			isa = PBXGroup;
			children = (
				82340BC31FFDF3F30034204F /* AppDelegate.swift */,
				82340BC51FFDF3F30034204F /* ViewController.swift */,
				82340BC71FFDF3F30034204F /* Main.storyboard */,
				82340BCA1FFDF3F30034204F /* Assets.xcassets */,
				82340BCC1FFDF3F30034204F /* LaunchScreen.storyboard */,
				82340BCF1FFDF3F30034204F /* Info.plist */,
			);
			path = SwiftyStellarHost;
			sourceTree = "<group>";
		};
		82340BFC1FFE41AA0034204F /* Frameworks */ = {
			isa = PBXGroup;
			children = (
				E983D25520023F0E00E917FA /* Foundation.framework */,
			);
			name = Frameworks;
			sourceTree = "<group>";
		};
		E983D2422002223C00E917FA /* Products */ = {
			isa = PBXGroup;
			children = (
				E983D24A2002223D00E917FA /* Sodium.framework */,
				E983D24C2002223D00E917FA /* SodiumTests.xctest */,
				E983D24E2002223D00E917FA /* Sodium.framework */,
				E983D2502002223D00E917FA /* Example iOS.app */,
				E983D2522002223D00E917FA /* Example OSX.app */,
			);
			name = Products;
			sourceTree = "<group>";
		};
/* End PBXGroup section */

/* Begin PBXHeadersBuildPhase section */
		82340B991FFDF2DA0034204F /* Headers */ = {
			isa = PBXHeadersBuildPhase;
			buildActionMask = 2147483647;
			files = (
				82340BAD1FFDF2DA0034204F /* SwiftyStellar.h in Headers */,
			);
			runOnlyForDeploymentPostprocessing = 0;
		};
/* End PBXHeadersBuildPhase section */

/* Begin PBXNativeTarget section */
		82340B9B1FFDF2DA0034204F /* SwiftyStellar */ = {
			isa = PBXNativeTarget;
			buildConfigurationList = 82340BB01FFDF2DA0034204F /* Build configuration list for PBXNativeTarget "SwiftyStellar" */;
			buildPhases = (
				82340B971FFDF2DA0034204F /* Sources */,
				82340B981FFDF2DA0034204F /* Frameworks */,
				82340B991FFDF2DA0034204F /* Headers */,
				82340B9A1FFDF2DA0034204F /* Resources */,
			);
			buildRules = (
			);
			dependencies = (
				E983D2542002227E00E917FA /* PBXTargetDependency */,
				82340BDB1FFE04AC0034204F /* PBXTargetDependency */,
			);
			name = SwiftyStellar;
			productName = SwiftyStellar;
			productReference = 82340B9C1FFDF2DA0034204F /* SwiftyStellar.framework */;
			productType = "com.apple.product-type.framework";
		};
		82340BA41FFDF2DA0034204F /* SwiftyStellarTests */ = {
			isa = PBXNativeTarget;
			buildConfigurationList = 82340BB31FFDF2DA0034204F /* Build configuration list for PBXNativeTarget "SwiftyStellarTests" */;
			buildPhases = (
				82340BA11FFDF2DA0034204F /* Sources */,
				82340BA21FFDF2DA0034204F /* Frameworks */,
				82340BA31FFDF2DA0034204F /* Resources */,
			);
			buildRules = (
			);
			dependencies = (
				82340BA81FFDF2DA0034204F /* PBXTargetDependency */,
			);
			name = SwiftyStellarTests;
			productName = SwiftyStellarTests;
			productReference = 82340BA51FFDF2DA0034204F /* SwiftyStellarTests.xctest */;
			productType = "com.apple.product-type.bundle.unit-test";
		};
		82340BC01FFDF3F30034204F /* SwiftyStellarHost */ = {
			isa = PBXNativeTarget;
			buildConfigurationList = 82340BD01FFDF3F30034204F /* Build configuration list for PBXNativeTarget "SwiftyStellarHost" */;
			buildPhases = (
				82340BBD1FFDF3F30034204F /* Sources */,
				82340BBE1FFDF3F30034204F /* Frameworks */,
				82340BBF1FFDF3F30034204F /* Resources */,
			);
			buildRules = (
			);
			dependencies = (
			);
			name = SwiftyStellarHost;
			productName = SwiftyStellarHost;
			productReference = 82340BC11FFDF3F30034204F /* SwiftyStellarHost.app */;
			productType = "com.apple.product-type.application";
		};
/* End PBXNativeTarget section */

/* Begin PBXProject section */
		82340B931FFDF2DA0034204F /* Project object */ = {
			isa = PBXProject;
			attributes = {
				LastSwiftUpdateCheck = 0920;
				LastUpgradeCheck = 0920;
				ORGANIZATIONNAME = "Kin Foundation";
				TargetAttributes = {
					82340B9B1FFDF2DA0034204F = {
						CreatedOnToolsVersion = 9.2;
						LastSwiftMigration = 0920;
						ProvisioningStyle = Automatic;
					};
					82340BA41FFDF2DA0034204F = {
						CreatedOnToolsVersion = 9.2;
						ProvisioningStyle = Automatic;
					};
					82340BC01FFDF3F30034204F = {
						CreatedOnToolsVersion = 9.2;
						ProvisioningStyle = Automatic;
					};
					82340BD51FFE046D0034204F = {
						CreatedOnToolsVersion = 9.2;
						ProvisioningStyle = Automatic;
					};
				};
			};
			buildConfigurationList = 82340B961FFDF2DA0034204F /* Build configuration list for PBXProject "SwiftyStellar" */;
			compatibilityVersion = "Xcode 8.0";
			developmentRegion = en;
			hasScannedForEncodings = 0;
			knownRegions = (
				en,
				Base,
			);
			mainGroup = 82340B921FFDF2DA0034204F;
			productRefGroup = 82340B9D1FFDF2DA0034204F /* Products */;
			projectDirPath = "";
			projectReferences = (
				{
					ProductGroup = E983D2422002223C00E917FA /* Products */;
					ProjectRef = E983D2412002223C00E917FA /* Sodium.xcodeproj */;
				},
			);
			projectRoot = "";
			targets = (
				82340B9B1FFDF2DA0034204F /* SwiftyStellar */,
				82340BA41FFDF2DA0034204F /* SwiftyStellarTests */,
				82340BC01FFDF3F30034204F /* SwiftyStellarHost */,
				82340BD51FFE046D0034204F /* CommonCryptoModuleMap */,
			);
		};
/* End PBXProject section */

/* Begin PBXReferenceProxy section */
		E983D24A2002223D00E917FA /* Sodium.framework */ = {
			isa = PBXReferenceProxy;
			fileType = wrapper.framework;
			path = Sodium.framework;
			remoteRef = E983D2492002223D00E917FA /* PBXContainerItemProxy */;
			sourceTree = BUILT_PRODUCTS_DIR;
		};
		E983D24C2002223D00E917FA /* SodiumTests.xctest */ = {
			isa = PBXReferenceProxy;
			fileType = wrapper.cfbundle;
			path = SodiumTests.xctest;
			remoteRef = E983D24B2002223D00E917FA /* PBXContainerItemProxy */;
			sourceTree = BUILT_PRODUCTS_DIR;
		};
		E983D24E2002223D00E917FA /* Sodium.framework */ = {
			isa = PBXReferenceProxy;
			fileType = wrapper.framework;
			path = Sodium.framework;
			remoteRef = E983D24D2002223D00E917FA /* PBXContainerItemProxy */;
			sourceTree = BUILT_PRODUCTS_DIR;
		};
		E983D2502002223D00E917FA /* Example iOS.app */ = {
			isa = PBXReferenceProxy;
			fileType = wrapper.application;
			path = "Example iOS.app";
			remoteRef = E983D24F2002223D00E917FA /* PBXContainerItemProxy */;
			sourceTree = BUILT_PRODUCTS_DIR;
		};
		E983D2522002223D00E917FA /* Example OSX.app */ = {
			isa = PBXReferenceProxy;
			fileType = wrapper.application;
			path = "Example OSX.app";
			remoteRef = E983D2512002223D00E917FA /* PBXContainerItemProxy */;
			sourceTree = BUILT_PRODUCTS_DIR;
		};
/* End PBXReferenceProxy section */

/* Begin PBXResourcesBuildPhase section */
		82340B9A1FFDF2DA0034204F /* Resources */ = {
			isa = PBXResourcesBuildPhase;
			buildActionMask = 2147483647;
			files = (
			);
			runOnlyForDeploymentPostprocessing = 0;
		};
		82340BA31FFDF2DA0034204F /* Resources */ = {
			isa = PBXResourcesBuildPhase;
			buildActionMask = 2147483647;
			files = (
			);
			runOnlyForDeploymentPostprocessing = 0;
		};
		82340BBF1FFDF3F30034204F /* Resources */ = {
			isa = PBXResourcesBuildPhase;
			buildActionMask = 2147483647;
			files = (
				82340BCE1FFDF3F30034204F /* LaunchScreen.storyboard in Resources */,
				82340BCB1FFDF3F30034204F /* Assets.xcassets in Resources */,
				82340BC91FFDF3F30034204F /* Main.storyboard in Resources */,
			);
			runOnlyForDeploymentPostprocessing = 0;
		};
/* End PBXResourcesBuildPhase section */

/* Begin PBXShellScriptBuildPhase section */
		82340BD91FFE048C0034204F /* ShellScript */ = {
			isa = PBXShellScriptBuildPhase;
			buildActionMask = 2147483647;
			files = (
			);
			inputPaths = (
			);
			outputPaths = (
			);
			runOnlyForDeploymentPostprocessing = 0;
			shellPath = /bin/sh;
			shellScript = "# This if-statement means we'll only run the main script if the CommonCryptoModuleMap directory doesn't exist\n# Because otherwise the rest of the script causes a full recompile for anything where CommonCrypto is a dependency\n# Do a \"Clean Build Folder\" to remove this directory and trigger the rest of the script to run\nif [ -d \"${BUILT_PRODUCTS_DIR}/CommonCryptoModuleMap\" ]; then\necho \"${BUILT_PRODUCTS_DIR}/CommonCryptoModuleMap directory already exists, so skipping the rest of the script.\"\nexit 0\nfi\n\nmkdir -p \"${BUILT_PRODUCTS_DIR}/CommonCryptoModuleMap\"\ncat <<EOF > \"${BUILT_PRODUCTS_DIR}/CommonCryptoModuleMap/module.modulemap\"\nmodule CommonCrypto [system] {\n    header \"${SDKROOT}/usr/include/CommonCrypto/CommonCrypto.h\"\n    export *\n}\nEOF";
		};
/* End PBXShellScriptBuildPhase section */

/* Begin PBXSourcesBuildPhase section */
		82340B971FFDF2DA0034204F /* Sources */ = {
			isa = PBXSourcesBuildPhase;
			buildActionMask = 2147483647;
			files = (
				82340BBC1FFDF3390034204F /* StellarTypes.swift in Sources */,
				82340BBA1FFDF3390034204F /* Conversion.swift in Sources */,
				82340BBB1FFDF3390034204F /* XDRCodable.swift in Sources */,
				82340BDD1FFE24EE0034204F /* Stellar.swift in Sources */,
				82340C4B20014BFC0034204F /* StellarErrors.swift in Sources */,
				82340C45200138E50034204F /* StellarResults.swift in Sources */,
				82340BD41FFDF7780034204F /* CommonCrypto.swift in Sources */,
			);
			runOnlyForDeploymentPostprocessing = 0;
		};
		82340BA11FFDF2DA0034204F /* Sources */ = {
			isa = PBXSourcesBuildPhase;
			buildActionMask = 2147483647;
			files = (
				82340BAB1FFDF2DA0034204F /* SwiftyStellarTests.swift in Sources */,
			);
			runOnlyForDeploymentPostprocessing = 0;
		};
		82340BBD1FFDF3F30034204F /* Sources */ = {
			isa = PBXSourcesBuildPhase;
			buildActionMask = 2147483647;
			files = (
				82340BC61FFDF3F30034204F /* ViewController.swift in Sources */,
				82340BC41FFDF3F30034204F /* AppDelegate.swift in Sources */,
			);
			runOnlyForDeploymentPostprocessing = 0;
		};
/* End PBXSourcesBuildPhase section */

/* Begin PBXTargetDependency section */
		82340BA81FFDF2DA0034204F /* PBXTargetDependency */ = {
			isa = PBXTargetDependency;
			target = 82340B9B1FFDF2DA0034204F /* SwiftyStellar */;
			targetProxy = 82340BA71FFDF2DA0034204F /* PBXContainerItemProxy */;
		};
		82340BDB1FFE04AC0034204F /* PBXTargetDependency */ = {
			isa = PBXTargetDependency;
			target = 82340BD51FFE046D0034204F /* CommonCryptoModuleMap */;
			targetProxy = 82340BDA1FFE04AC0034204F /* PBXContainerItemProxy */;
		};
		E983D2542002227E00E917FA /* PBXTargetDependency */ = {
			isa = PBXTargetDependency;
			name = Sodium_iOS;
			targetProxy = E983D2532002227E00E917FA /* PBXContainerItemProxy */;
		};
/* End PBXTargetDependency section */

/* Begin PBXVariantGroup section */
		82340BC71FFDF3F30034204F /* Main.storyboard */ = {
			isa = PBXVariantGroup;
			children = (
				82340BC81FFDF3F30034204F /* Base */,
			);
			name = Main.storyboard;
			sourceTree = "<group>";
		};
		82340BCC1FFDF3F30034204F /* LaunchScreen.storyboard */ = {
			isa = PBXVariantGroup;
			children = (
				82340BCD1FFDF3F30034204F /* Base */,
			);
			name = LaunchScreen.storyboard;
			sourceTree = "<group>";
		};
/* End PBXVariantGroup section */

/* Begin XCBuildConfiguration section */
		82340BAE1FFDF2DA0034204F /* Debug */ = {
			isa = XCBuildConfiguration;
			buildSettings = {
				ALWAYS_SEARCH_USER_PATHS = NO;
				CLANG_ANALYZER_NONNULL = YES;
				CLANG_ANALYZER_NUMBER_OBJECT_CONVERSION = YES_AGGRESSIVE;
				CLANG_CXX_LANGUAGE_STANDARD = "gnu++14";
				CLANG_CXX_LIBRARY = "libc++";
				CLANG_ENABLE_MODULES = YES;
				CLANG_ENABLE_OBJC_ARC = YES;
				CLANG_WARN_BLOCK_CAPTURE_AUTORELEASING = YES;
				CLANG_WARN_BOOL_CONVERSION = YES;
				CLANG_WARN_COMMA = YES;
				CLANG_WARN_CONSTANT_CONVERSION = YES;
				CLANG_WARN_DIRECT_OBJC_ISA_USAGE = YES_ERROR;
				CLANG_WARN_DOCUMENTATION_COMMENTS = YES;
				CLANG_WARN_EMPTY_BODY = YES;
				CLANG_WARN_ENUM_CONVERSION = YES;
				CLANG_WARN_INFINITE_RECURSION = YES;
				CLANG_WARN_INT_CONVERSION = YES;
				CLANG_WARN_NON_LITERAL_NULL_CONVERSION = YES;
				CLANG_WARN_OBJC_LITERAL_CONVERSION = YES;
				CLANG_WARN_OBJC_ROOT_CLASS = YES_ERROR;
				CLANG_WARN_RANGE_LOOP_ANALYSIS = YES;
				CLANG_WARN_STRICT_PROTOTYPES = YES;
				CLANG_WARN_SUSPICIOUS_MOVE = YES;
				CLANG_WARN_UNGUARDED_AVAILABILITY = YES_AGGRESSIVE;
				CLANG_WARN_UNREACHABLE_CODE = YES;
				CLANG_WARN__DUPLICATE_METHOD_MATCH = YES;
				CODE_SIGN_IDENTITY = "iPhone Developer";
				COPY_PHASE_STRIP = NO;
				CURRENT_PROJECT_VERSION = 1;
				DEBUG_INFORMATION_FORMAT = dwarf;
				ENABLE_BITCODE = NO;
				ENABLE_STRICT_OBJC_MSGSEND = YES;
				ENABLE_TESTABILITY = YES;
				GCC_C_LANGUAGE_STANDARD = gnu11;
				GCC_DYNAMIC_NO_PIC = NO;
				GCC_NO_COMMON_BLOCKS = YES;
				GCC_OPTIMIZATION_LEVEL = 0;
				GCC_PREPROCESSOR_DEFINITIONS = (
					"DEBUG=1",
					"$(inherited)",
				);
				GCC_WARN_64_TO_32_BIT_CONVERSION = YES;
				GCC_WARN_ABOUT_RETURN_TYPE = YES_ERROR;
				GCC_WARN_UNDECLARED_SELECTOR = YES;
				GCC_WARN_UNINITIALIZED_AUTOS = YES_AGGRESSIVE;
				GCC_WARN_UNUSED_FUNCTION = YES;
				GCC_WARN_UNUSED_VARIABLE = YES;
				IPHONEOS_DEPLOYMENT_TARGET = 11.2;
				MTL_ENABLE_DEBUG_INFO = YES;
				ONLY_ACTIVE_ARCH = YES;
				SDKROOT = iphoneos;
				SWIFT_ACTIVE_COMPILATION_CONDITIONS = DEBUG;
				SWIFT_OPTIMIZATION_LEVEL = "-Onone";
				VALID_ARCHS = "arm64 armv7s armv7";
				VERSIONING_SYSTEM = "apple-generic";
				VERSION_INFO_PREFIX = "";
			};
			name = Debug;
		};
		82340BAF1FFDF2DA0034204F /* Release */ = {
			isa = XCBuildConfiguration;
			buildSettings = {
				ALWAYS_SEARCH_USER_PATHS = NO;
				CLANG_ANALYZER_NONNULL = YES;
				CLANG_ANALYZER_NUMBER_OBJECT_CONVERSION = YES_AGGRESSIVE;
				CLANG_CXX_LANGUAGE_STANDARD = "gnu++14";
				CLANG_CXX_LIBRARY = "libc++";
				CLANG_ENABLE_MODULES = YES;
				CLANG_ENABLE_OBJC_ARC = YES;
				CLANG_WARN_BLOCK_CAPTURE_AUTORELEASING = YES;
				CLANG_WARN_BOOL_CONVERSION = YES;
				CLANG_WARN_COMMA = YES;
				CLANG_WARN_CONSTANT_CONVERSION = YES;
				CLANG_WARN_DIRECT_OBJC_ISA_USAGE = YES_ERROR;
				CLANG_WARN_DOCUMENTATION_COMMENTS = YES;
				CLANG_WARN_EMPTY_BODY = YES;
				CLANG_WARN_ENUM_CONVERSION = YES;
				CLANG_WARN_INFINITE_RECURSION = YES;
				CLANG_WARN_INT_CONVERSION = YES;
				CLANG_WARN_NON_LITERAL_NULL_CONVERSION = YES;
				CLANG_WARN_OBJC_LITERAL_CONVERSION = YES;
				CLANG_WARN_OBJC_ROOT_CLASS = YES_ERROR;
				CLANG_WARN_RANGE_LOOP_ANALYSIS = YES;
				CLANG_WARN_STRICT_PROTOTYPES = YES;
				CLANG_WARN_SUSPICIOUS_MOVE = YES;
				CLANG_WARN_UNGUARDED_AVAILABILITY = YES_AGGRESSIVE;
				CLANG_WARN_UNREACHABLE_CODE = YES;
				CLANG_WARN__DUPLICATE_METHOD_MATCH = YES;
				CODE_SIGN_IDENTITY = "iPhone Developer";
				COPY_PHASE_STRIP = NO;
				CURRENT_PROJECT_VERSION = 1;
				DEBUG_INFORMATION_FORMAT = "dwarf-with-dsym";
				ENABLE_BITCODE = NO;
				ENABLE_NS_ASSERTIONS = NO;
				ENABLE_STRICT_OBJC_MSGSEND = YES;
				GCC_C_LANGUAGE_STANDARD = gnu11;
				GCC_NO_COMMON_BLOCKS = YES;
				GCC_WARN_64_TO_32_BIT_CONVERSION = YES;
				GCC_WARN_ABOUT_RETURN_TYPE = YES_ERROR;
				GCC_WARN_UNDECLARED_SELECTOR = YES;
				GCC_WARN_UNINITIALIZED_AUTOS = YES_AGGRESSIVE;
				GCC_WARN_UNUSED_FUNCTION = YES;
				GCC_WARN_UNUSED_VARIABLE = YES;
				IPHONEOS_DEPLOYMENT_TARGET = 11.2;
				MTL_ENABLE_DEBUG_INFO = NO;
				SDKROOT = iphoneos;
				SWIFT_OPTIMIZATION_LEVEL = "-Owholemodule";
				VALIDATE_PRODUCT = YES;
				VALID_ARCHS = "arm64 armv7s armv7";
				VERSIONING_SYSTEM = "apple-generic";
				VERSION_INFO_PREFIX = "";
			};
			name = Release;
		};
		82340BB11FFDF2DA0034204F /* Debug */ = {
			isa = XCBuildConfiguration;
			buildSettings = {
				CLANG_ENABLE_MODULES = YES;
				CODE_SIGN_IDENTITY = "";
				CODE_SIGN_STYLE = Automatic;
				DEFINES_MODULE = YES;
				DEVELOPMENT_TEAM = MZAK745F32;
				DYLIB_COMPATIBILITY_VERSION = 1;
				DYLIB_CURRENT_VERSION = 1;
				DYLIB_INSTALL_NAME_BASE = "@rpath";
				ENABLE_BITCODE = NO;
				HEADER_SEARCH_PATHS = "${BUILT_PRODUCTS_DIR}/CommonCryptoModuleMap";
				INFOPLIST_FILE = SwiftyStellar/Info.plist;
				INSTALL_PATH = "$(LOCAL_LIBRARY_DIR)/Frameworks";
				LD_RUNPATH_SEARCH_PATHS = "$(inherited) @executable_path/Frameworks @loader_path/Frameworks";
				PRODUCT_BUNDLE_IDENTIFIER = com.kinfoundation.SwiftyStellar;
				PRODUCT_NAME = "$(TARGET_NAME:c99extidentifier)";
				SKIP_INSTALL = YES;
				SWIFT_OPTIMIZATION_LEVEL = "-Onone";
				SWIFT_VERSION = 4.0;
				TARGETED_DEVICE_FAMILY = "1,2";
			};
			name = Debug;
		};
		82340BB21FFDF2DA0034204F /* Release */ = {
			isa = XCBuildConfiguration;
			buildSettings = {
				CLANG_ENABLE_MODULES = YES;
				CODE_SIGN_IDENTITY = "";
				CODE_SIGN_STYLE = Automatic;
				DEFINES_MODULE = YES;
				DEVELOPMENT_TEAM = MZAK745F32;
				DYLIB_COMPATIBILITY_VERSION = 1;
				DYLIB_CURRENT_VERSION = 1;
				DYLIB_INSTALL_NAME_BASE = "@rpath";
				ENABLE_BITCODE = NO;
				HEADER_SEARCH_PATHS = "${BUILT_PRODUCTS_DIR}/CommonCryptoModuleMap";
				INFOPLIST_FILE = SwiftyStellar/Info.plist;
				INSTALL_PATH = "$(LOCAL_LIBRARY_DIR)/Frameworks";
				LD_RUNPATH_SEARCH_PATHS = "$(inherited) @executable_path/Frameworks @loader_path/Frameworks";
				PRODUCT_BUNDLE_IDENTIFIER = com.kinfoundation.SwiftyStellar;
				PRODUCT_NAME = "$(TARGET_NAME:c99extidentifier)";
				SKIP_INSTALL = YES;
				SWIFT_VERSION = 4.0;
				TARGETED_DEVICE_FAMILY = "1,2";
			};
			name = Release;
		};
		82340BB41FFDF2DA0034204F /* Debug */ = {
			isa = XCBuildConfiguration;
			buildSettings = {
				ALWAYS_EMBED_SWIFT_STANDARD_LIBRARIES = YES;
				CODE_SIGN_STYLE = Automatic;
				DEVELOPMENT_TEAM = MZAK745F32;
				INFOPLIST_FILE = SwiftyStellarTests/Info.plist;
				LD_RUNPATH_SEARCH_PATHS = "$(inherited) @executable_path/Frameworks @loader_path/Frameworks";
				PRODUCT_BUNDLE_IDENTIFIER = com.kinfoundation.SwiftyStellarTests;
				PRODUCT_NAME = "$(TARGET_NAME)";
				SWIFT_VERSION = 4.0;
				TARGETED_DEVICE_FAMILY = "1,2";
			};
			name = Debug;
		};
		82340BB51FFDF2DA0034204F /* Release */ = {
			isa = XCBuildConfiguration;
			buildSettings = {
				ALWAYS_EMBED_SWIFT_STANDARD_LIBRARIES = YES;
				CODE_SIGN_STYLE = Automatic;
				DEVELOPMENT_TEAM = MZAK745F32;
				INFOPLIST_FILE = SwiftyStellarTests/Info.plist;
				LD_RUNPATH_SEARCH_PATHS = "$(inherited) @executable_path/Frameworks @loader_path/Frameworks";
				PRODUCT_BUNDLE_IDENTIFIER = com.kinfoundation.SwiftyStellarTests;
				PRODUCT_NAME = "$(TARGET_NAME)";
				SWIFT_VERSION = 4.0;
				TARGETED_DEVICE_FAMILY = "1,2";
			};
			name = Release;
		};
		82340BD11FFDF3F30034204F /* Debug */ = {
			isa = XCBuildConfiguration;
			buildSettings = {
				ASSETCATALOG_COMPILER_APPICON_NAME = AppIcon;
				CODE_SIGN_STYLE = Automatic;
				DEVELOPMENT_TEAM = MZAK745F32;
				INFOPLIST_FILE = SwiftyStellarHost/Info.plist;
				LD_RUNPATH_SEARCH_PATHS = "$(inherited) @executable_path/Frameworks";
				PRODUCT_BUNDLE_IDENTIFIER = com.kinfoundation.SwiftyStellarHost;
				PRODUCT_NAME = "$(TARGET_NAME)";
				SWIFT_VERSION = 4.0;
				TARGETED_DEVICE_FAMILY = "1,2";
			};
			name = Debug;
		};
		82340BD21FFDF3F30034204F /* Release */ = {
			isa = XCBuildConfiguration;
			buildSettings = {
				ASSETCATALOG_COMPILER_APPICON_NAME = AppIcon;
				CODE_SIGN_STYLE = Automatic;
				DEVELOPMENT_TEAM = MZAK745F32;
				INFOPLIST_FILE = SwiftyStellarHost/Info.plist;
				LD_RUNPATH_SEARCH_PATHS = "$(inherited) @executable_path/Frameworks";
				PRODUCT_BUNDLE_IDENTIFIER = com.kinfoundation.SwiftyStellarHost;
				PRODUCT_NAME = "$(TARGET_NAME)";
				SWIFT_VERSION = 4.0;
				TARGETED_DEVICE_FAMILY = "1,2";
			};
			name = Release;
		};
		82340BD71FFE046D0034204F /* Debug */ = {
			isa = XCBuildConfiguration;
			buildSettings = {
				CODE_SIGN_STYLE = Automatic;
				DEVELOPMENT_TEAM = MZAK745F32;
				PRODUCT_NAME = "$(TARGET_NAME)";
			};
			name = Debug;
		};
		82340BD81FFE046D0034204F /* Release */ = {
			isa = XCBuildConfiguration;
			buildSettings = {
				CODE_SIGN_STYLE = Automatic;
				DEVELOPMENT_TEAM = MZAK745F32;
				PRODUCT_NAME = "$(TARGET_NAME)";
			};
			name = Release;
		};
/* End XCBuildConfiguration section */

/* Begin XCConfigurationList section */
		82340B961FFDF2DA0034204F /* Build configuration list for PBXProject "SwiftyStellar" */ = {
			isa = XCConfigurationList;
			buildConfigurations = (
				82340BAE1FFDF2DA0034204F /* Debug */,
				82340BAF1FFDF2DA0034204F /* Release */,
			);
			defaultConfigurationIsVisible = 0;
			defaultConfigurationName = Release;
		};
		82340BB01FFDF2DA0034204F /* Build configuration list for PBXNativeTarget "SwiftyStellar" */ = {
			isa = XCConfigurationList;
			buildConfigurations = (
				82340BB11FFDF2DA0034204F /* Debug */,
				82340BB21FFDF2DA0034204F /* Release */,
			);
			defaultConfigurationIsVisible = 0;
			defaultConfigurationName = Release;
		};
		82340BB31FFDF2DA0034204F /* Build configuration list for PBXNativeTarget "SwiftyStellarTests" */ = {
			isa = XCConfigurationList;
			buildConfigurations = (
				82340BB41FFDF2DA0034204F /* Debug */,
				82340BB51FFDF2DA0034204F /* Release */,
			);
			defaultConfigurationIsVisible = 0;
			defaultConfigurationName = Release;
		};
		82340BD01FFDF3F30034204F /* Build configuration list for PBXNativeTarget "SwiftyStellarHost" */ = {
			isa = XCConfigurationList;
			buildConfigurations = (
				82340BD11FFDF3F30034204F /* Debug */,
				82340BD21FFDF3F30034204F /* Release */,
			);
			defaultConfigurationIsVisible = 0;
			defaultConfigurationName = Release;
		};
		82340BD61FFE046D0034204F /* Build configuration list for PBXAggregateTarget "CommonCryptoModuleMap" */ = {
			isa = XCConfigurationList;
			buildConfigurations = (
				82340BD71FFE046D0034204F /* Debug */,
				82340BD81FFE046D0034204F /* Release */,
			);
			defaultConfigurationIsVisible = 0;
			defaultConfigurationName = Release;
		};
/* End XCConfigurationList section */
	};
	rootObject = 82340B931FFDF2DA0034204F /* Project object */;
}
