<?xml version="1.0" encoding="UTF-8"?>
<Scheme
   LastUpgradeVersion = "0920"
   version = "1.3">
   <BuildAction
      parallelizeBuildables = "YES"
      buildImplicitDependencies = "YES">
      <BuildActionEntries>
         <BuildActionEntry
            buildForTesting = "YES"
            buildForRunning = "YES"
            buildForProfiling = "YES"
            buildForArchiving = "YES"
            buildForAnalyzing = "YES">
            <BuildableReference
               BuildableIdentifier = "primary"
               BlueprintIdentifier = "82340B9B1FFDF2DA0034204F"
               BuildableName = "StellarKit.framework"
               BlueprintName = "StellarKit"
               ReferencedContainer = "container:StellarKit.xcodeproj">
            </BuildableReference>
         </BuildActionEntry>
      </BuildActionEntries>
   </BuildAction>
   <TestAction
      buildConfiguration = "Debug"
      selectedDebuggerIdentifier = "Xcode.DebuggerFoundation.Debugger.LLDB"
      selectedLauncherIdentifier = "Xcode.DebuggerFoundation.Launcher.LLDB"
      codeCoverageEnabled = "YES"
      shouldUseLaunchSchemeArgsEnv = "YES">
      <Testables>
         <TestableReference
            skipped = "NO">
            <BuildableReference
               BuildableIdentifier = "primary"
               BlueprintIdentifier = "82340BA41FFDF2DA0034204F"
               BuildableName = "StellarKitTests.xctest"
               BlueprintName = "StellarKitTests"
               ReferencedContainer = "container:StellarKit.xcodeproj">
            </BuildableReference>
            <SkippedTests>
               <Test
                  Identifier = "StellarBaseTests/test_balance()">
               </Test>
               <Test
                  Identifier = "StellarBaseTests/test_double_trust()">
               </Test>
               <Test
                  Identifier = "StellarBaseTests/test_network_parameters()">
               </Test>
               <Test
                  Identifier = "StellarBaseTests/test_payment_from_empty_account()">
               </Test>
               <Test
                  Identifier = "StellarBaseTests/test_payment_from_unfunded_account()">
               </Test>
               <Test
                  Identifier = "StellarBaseTests/test_payment_to_trusting_account()">
               </Test>
               <Test
                  Identifier = "StellarBaseTests/test_payment_to_untrusting_account()">
               </Test>
               <Test
                  Identifier = "StellarBaseTests/test_trust()">
               </Test>
            </SkippedTests>
         </TestableReference>
      </Testables>
      <MacroExpansion>
         <BuildableReference
            BuildableIdentifier = "primary"
            BlueprintIdentifier = "82340B9B1FFDF2DA0034204F"
            BuildableName = "StellarKit.framework"
            BlueprintName = "StellarKit"
            ReferencedContainer = "container:StellarKit.xcodeproj">
         </BuildableReference>
      </MacroExpansion>
      <AdditionalOptions>
      </AdditionalOptions>
   </TestAction>
   <LaunchAction
      buildConfiguration = "Debug"
      selectedDebuggerIdentifier = "Xcode.DebuggerFoundation.Debugger.LLDB"
      selectedLauncherIdentifier = "Xcode.DebuggerFoundation.Launcher.LLDB"
      launchStyle = "0"
      useCustomWorkingDirectory = "NO"
      ignoresPersistentStateOnLaunch = "NO"
      debugDocumentVersioning = "YES"
      debugServiceExtension = "internal"
      allowLocationSimulation = "YES">
      <MacroExpansion>
         <BuildableReference
            BuildableIdentifier = "primary"
            BlueprintIdentifier = "82340B9B1FFDF2DA0034204F"
            BuildableName = "StellarKit.framework"
            BlueprintName = "StellarKit"
            ReferencedContainer = "container:StellarKit.xcodeproj">
         </BuildableReference>
      </MacroExpansion>
      <AdditionalOptions>
      </AdditionalOptions>
   </LaunchAction>
   <ProfileAction
      buildConfiguration = "Release"
      shouldUseLaunchSchemeArgsEnv = "YES"
      savedToolIdentifier = ""
      useCustomWorkingDirectory = "NO"
      debugDocumentVersioning = "YES">
      <MacroExpansion>
         <BuildableReference
            BuildableIdentifier = "primary"
            BlueprintIdentifier = "82340B9B1FFDF2DA0034204F"
            BuildableName = "StellarKit.framework"
            BlueprintName = "StellarKit"
            ReferencedContainer = "container:StellarKit.xcodeproj">
         </BuildableReference>
      </MacroExpansion>
   </ProfileAction>
   <AnalyzeAction
      buildConfiguration = "Debug">
   </AnalyzeAction>
   <ArchiveAction
      buildConfiguration = "Release"
      revealArchiveInOrganizer = "YES">
   </ArchiveAction>
</Scheme>
