// !$*UTF8*$!
{
	archiveVersion = 1;
	classes = {
	};
	objectVersion = 48;
	objects = {

/* Begin PBXBuildFile section */
		82340BA61FFDF2DA0034204F /* StellarKinKit.framework in Frameworks */ = {isa = PBXBuildFile; fileRef = 82340B9C1FFDF2DA0034204F /* StellarKinKit.framework */; };
		82340BAB1FFDF2DA0034204F /* StellarKinKitTests.swift in Sources */ = {isa = PBXBuildFile; fileRef = 82340BAA1FFDF2DA0034204F /* StellarKinKitTests.swift */; };
		82340BAD1FFDF2DA0034204F /* StellarKinKit.h in Headers */ = {isa = PBXBuildFile; fileRef = 82340B9F1FFDF2DA0034204F /* StellarKinKit.h */; settings = {ATTRIBUTES = (Public, ); }; };
		82340BBA1FFDF3390034204F /* Conversion.swift in Sources */ = {isa = PBXBuildFile; fileRef = 82340BB71FFDF3390034204F /* Conversion.swift */; };
		82340BBB1FFDF3390034204F /* XDRCodable.swift in Sources */ = {isa = PBXBuildFile; fileRef = 82340BB81FFDF3390034204F /* XDRCodable.swift */; };
		82340BBC1FFDF3390034204F /* StellarTypes.swift in Sources */ = {isa = PBXBuildFile; fileRef = 82340BB91FFDF3390034204F /* StellarTypes.swift */; };
		82340BC41FFDF3F30034204F /* AppDelegate.swift in Sources */ = {isa = PBXBuildFile; fileRef = 82340BC31FFDF3F30034204F /* AppDelegate.swift */; };
		82340BC61FFDF3F30034204F /* ViewController.swift in Sources */ = {isa = PBXBuildFile; fileRef = 82340BC51FFDF3F30034204F /* ViewController.swift */; };
		82340BC91FFDF3F30034204F /* Main.storyboard in Resources */ = {isa = PBXBuildFile; fileRef = 82340BC71FFDF3F30034204F /* Main.storyboard */; };
		82340BCB1FFDF3F30034204F /* Assets.xcassets in Resources */ = {isa = PBXBuildFile; fileRef = 82340BCA1FFDF3F30034204F /* Assets.xcassets */; };
		82340BCE1FFDF3F30034204F /* LaunchScreen.storyboard in Resources */ = {isa = PBXBuildFile; fileRef = 82340BCC1FFDF3F30034204F /* LaunchScreen.storyboard */; };
		82340BD41FFDF7780034204F /* Data+extensions.swift in Sources */ = {isa = PBXBuildFile; fileRef = 82340BD31FFDF7780034204F /* Data+extensions.swift */; };
		82340BDD1FFE24EE0034204F /* Stellar.swift in Sources */ = {isa = PBXBuildFile; fileRef = 82340BDC1FFE24EE0034204F /* Stellar.swift */; };
		82340C45200138E50034204F /* StellarResults.swift in Sources */ = {isa = PBXBuildFile; fileRef = 82340C44200138E50034204F /* StellarResults.swift */; };
		82340C4B20014BFC0034204F /* StellarErrors.swift in Sources */ = {isa = PBXBuildFile; fileRef = 82340C4A20014BFC0034204F /* StellarErrors.swift */; };
		825BD8922007CFCB00AF981A /* KeyStoreTests.swift in Sources */ = {isa = PBXBuildFile; fileRef = 825BD8912007CFCB00AF981A /* KeyStoreTests.swift */; };
		82ECAB8A2002A2880010E31F /* XDRTests.swift in Sources */ = {isa = PBXBuildFile; fileRef = 82ECAB892002A2880010E31F /* XDRTests.swift */; };
		82ECAB8C2003290F0010E31F /* KeyUtils.swift in Sources */ = {isa = PBXBuildFile; fileRef = 82ECAB8B2003290F0010E31F /* KeyUtils.swift */; };
		82ECAB90200367660010E31F /* KeyStore.swift in Sources */ = {isa = PBXBuildFile; fileRef = 82ECAB8F200367660010E31F /* KeyStore.swift */; };
		E97A9D2A2012920B00F6BC4F /* Auth.swift in Sources */ = {isa = PBXBuildFile; fileRef = E97A9CD82012920B00F6BC4F /* Auth.swift */; };
		E97A9D2B2012920B00F6BC4F /* Box.swift in Sources */ = {isa = PBXBuildFile; fileRef = E97A9CD92012920B00F6BC4F /* Box.swift */; };
		E97A9D2C2012920B00F6BC4F /* GenericHash.swift in Sources */ = {isa = PBXBuildFile; fileRef = E97A9CDA2012920B00F6BC4F /* GenericHash.swift */; };
		E97A9D2D2012920B00F6BC4F /* Info.plist in Resources */ = {isa = PBXBuildFile; fileRef = E97A9CDB2012920B00F6BC4F /* Info.plist */; };
		E97A9D2E2012920B00F6BC4F /* KeyDerivation.swift in Sources */ = {isa = PBXBuildFile; fileRef = E97A9CDC2012920B00F6BC4F /* KeyDerivation.swift */; };
		E97A9D2F2012920B00F6BC4F /* KeyExchange.swift in Sources */ = {isa = PBXBuildFile; fileRef = E97A9CDD2012920B00F6BC4F /* KeyExchange.swift */; };
		E97A9D302012920B00F6BC4F /* core.h in Headers */ = {isa = PBXBuildFile; fileRef = E97A9CDF2012920B00F6BC4F /* core.h */; };
		E97A9D312012920B00F6BC4F /* crypto_aead_aes256gcm.h in Headers */ = {isa = PBXBuildFile; fileRef = E97A9CE02012920B00F6BC4F /* crypto_aead_aes256gcm.h */; };
		E97A9D322012920B00F6BC4F /* crypto_aead_chacha20poly1305.h in Headers */ = {isa = PBXBuildFile; fileRef = E97A9CE12012920B00F6BC4F /* crypto_aead_chacha20poly1305.h */; };
		E97A9D332012920B00F6BC4F /* crypto_aead_xchacha20poly1305.h in Headers */ = {isa = PBXBuildFile; fileRef = E97A9CE22012920B00F6BC4F /* crypto_aead_xchacha20poly1305.h */; };
		E97A9D342012920B00F6BC4F /* crypto_auth.h in Headers */ = {isa = PBXBuildFile; fileRef = E97A9CE32012920B00F6BC4F /* crypto_auth.h */; };
		E97A9D352012920B00F6BC4F /* crypto_auth_hmacsha256.h in Headers */ = {isa = PBXBuildFile; fileRef = E97A9CE42012920B00F6BC4F /* crypto_auth_hmacsha256.h */; };
		E97A9D362012920B00F6BC4F /* crypto_auth_hmacsha512.h in Headers */ = {isa = PBXBuildFile; fileRef = E97A9CE52012920B00F6BC4F /* crypto_auth_hmacsha512.h */; };
		E97A9D372012920B00F6BC4F /* crypto_auth_hmacsha512256.h in Headers */ = {isa = PBXBuildFile; fileRef = E97A9CE62012920B00F6BC4F /* crypto_auth_hmacsha512256.h */; };
		E97A9D382012920B00F6BC4F /* crypto_box.h in Headers */ = {isa = PBXBuildFile; fileRef = E97A9CE72012920B00F6BC4F /* crypto_box.h */; };
		E97A9D392012920B00F6BC4F /* crypto_box_curve25519xchacha20poly1305.h in Headers */ = {isa = PBXBuildFile; fileRef = E97A9CE82012920B00F6BC4F /* crypto_box_curve25519xchacha20poly1305.h */; };
		E97A9D3A2012920B00F6BC4F /* crypto_box_curve25519xsalsa20poly1305.h in Headers */ = {isa = PBXBuildFile; fileRef = E97A9CE92012920B00F6BC4F /* crypto_box_curve25519xsalsa20poly1305.h */; };
		E97A9D3B2012920B00F6BC4F /* crypto_core_curve25519.h in Headers */ = {isa = PBXBuildFile; fileRef = E97A9CEA2012920B00F6BC4F /* crypto_core_curve25519.h */; };
		E97A9D3C2012920B00F6BC4F /* crypto_core_ed25519.h in Headers */ = {isa = PBXBuildFile; fileRef = E97A9CEB2012920B00F6BC4F /* crypto_core_ed25519.h */; };
		E97A9D3D2012920B00F6BC4F /* crypto_core_hchacha20.h in Headers */ = {isa = PBXBuildFile; fileRef = E97A9CEC2012920B00F6BC4F /* crypto_core_hchacha20.h */; };
		E97A9D3E2012920B00F6BC4F /* crypto_core_hsalsa20.h in Headers */ = {isa = PBXBuildFile; fileRef = E97A9CED2012920B00F6BC4F /* crypto_core_hsalsa20.h */; };
		E97A9D3F2012920B00F6BC4F /* crypto_core_salsa20.h in Headers */ = {isa = PBXBuildFile; fileRef = E97A9CEE2012920B00F6BC4F /* crypto_core_salsa20.h */; };
		E97A9D402012920B00F6BC4F /* crypto_core_salsa2012.h in Headers */ = {isa = PBXBuildFile; fileRef = E97A9CEF2012920B00F6BC4F /* crypto_core_salsa2012.h */; };
		E97A9D412012920B00F6BC4F /* crypto_core_salsa208.h in Headers */ = {isa = PBXBuildFile; fileRef = E97A9CF02012920B00F6BC4F /* crypto_core_salsa208.h */; };
		E97A9D422012920B00F6BC4F /* crypto_generichash.h in Headers */ = {isa = PBXBuildFile; fileRef = E97A9CF12012920B00F6BC4F /* crypto_generichash.h */; };
		E97A9D432012920B00F6BC4F /* crypto_generichash_blake2b.h in Headers */ = {isa = PBXBuildFile; fileRef = E97A9CF22012920B00F6BC4F /* crypto_generichash_blake2b.h */; };
		E97A9D442012920B00F6BC4F /* crypto_hash.h in Headers */ = {isa = PBXBuildFile; fileRef = E97A9CF32012920B00F6BC4F /* crypto_hash.h */; };
		E97A9D452012920B00F6BC4F /* crypto_hash_sha256.h in Headers */ = {isa = PBXBuildFile; fileRef = E97A9CF42012920B00F6BC4F /* crypto_hash_sha256.h */; };
		E97A9D462012920B00F6BC4F /* crypto_hash_sha512.h in Headers */ = {isa = PBXBuildFile; fileRef = E97A9CF52012920B00F6BC4F /* crypto_hash_sha512.h */; };
		E97A9D472012920B00F6BC4F /* crypto_kdf.h in Headers */ = {isa = PBXBuildFile; fileRef = E97A9CF62012920B00F6BC4F /* crypto_kdf.h */; };
		E97A9D482012920B00F6BC4F /* crypto_kdf_blake2b.h in Headers */ = {isa = PBXBuildFile; fileRef = E97A9CF72012920B00F6BC4F /* crypto_kdf_blake2b.h */; };
		E97A9D492012920B00F6BC4F /* crypto_kx.h in Headers */ = {isa = PBXBuildFile; fileRef = E97A9CF82012920B00F6BC4F /* crypto_kx.h */; };
		E97A9D4A2012920B00F6BC4F /* crypto_onetimeauth.h in Headers */ = {isa = PBXBuildFile; fileRef = E97A9CF92012920B00F6BC4F /* crypto_onetimeauth.h */; };
		E97A9D4B2012920B00F6BC4F /* crypto_onetimeauth_poly1305.h in Headers */ = {isa = PBXBuildFile; fileRef = E97A9CFA2012920B00F6BC4F /* crypto_onetimeauth_poly1305.h */; };
		E97A9D4C2012920B00F6BC4F /* crypto_pwhash.h in Headers */ = {isa = PBXBuildFile; fileRef = E97A9CFB2012920B00F6BC4F /* crypto_pwhash.h */; };
		E97A9D4D2012920B00F6BC4F /* crypto_pwhash_argon2i.h in Headers */ = {isa = PBXBuildFile; fileRef = E97A9CFC2012920B00F6BC4F /* crypto_pwhash_argon2i.h */; };
		E97A9D4E2012920B00F6BC4F /* crypto_pwhash_argon2id.h in Headers */ = {isa = PBXBuildFile; fileRef = E97A9CFD2012920B00F6BC4F /* crypto_pwhash_argon2id.h */; };
		E97A9D4F2012920B00F6BC4F /* crypto_pwhash_scryptsalsa208sha256.h in Headers */ = {isa = PBXBuildFile; fileRef = E97A9CFE2012920B00F6BC4F /* crypto_pwhash_scryptsalsa208sha256.h */; };
		E97A9D502012920B00F6BC4F /* crypto_scalarmult.h in Headers */ = {isa = PBXBuildFile; fileRef = E97A9CFF2012920B00F6BC4F /* crypto_scalarmult.h */; };
		E97A9D512012920B00F6BC4F /* crypto_scalarmult_curve25519.h in Headers */ = {isa = PBXBuildFile; fileRef = E97A9D002012920B00F6BC4F /* crypto_scalarmult_curve25519.h */; };
		E97A9D522012920B00F6BC4F /* crypto_scalarmult_ed25519.h in Headers */ = {isa = PBXBuildFile; fileRef = E97A9D012012920B00F6BC4F /* crypto_scalarmult_ed25519.h */; };
		E97A9D532012920B00F6BC4F /* crypto_secretbox.h in Headers */ = {isa = PBXBuildFile; fileRef = E97A9D022012920B00F6BC4F /* crypto_secretbox.h */; };
		E97A9D542012920B00F6BC4F /* crypto_secretbox_xchacha20poly1305.h in Headers */ = {isa = PBXBuildFile; fileRef = E97A9D032012920B00F6BC4F /* crypto_secretbox_xchacha20poly1305.h */; };
		E97A9D552012920B00F6BC4F /* crypto_secretbox_xsalsa20poly1305.h in Headers */ = {isa = PBXBuildFile; fileRef = E97A9D042012920B00F6BC4F /* crypto_secretbox_xsalsa20poly1305.h */; };
		E97A9D562012920B00F6BC4F /* crypto_secretstream_xchacha20poly1305.h in Headers */ = {isa = PBXBuildFile; fileRef = E97A9D052012920B00F6BC4F /* crypto_secretstream_xchacha20poly1305.h */; };
		E97A9D572012920B00F6BC4F /* crypto_shorthash.h in Headers */ = {isa = PBXBuildFile; fileRef = E97A9D062012920B00F6BC4F /* crypto_shorthash.h */; };
		E97A9D582012920B00F6BC4F /* crypto_shorthash_siphash24.h in Headers */ = {isa = PBXBuildFile; fileRef = E97A9D072012920B00F6BC4F /* crypto_shorthash_siphash24.h */; };
		E97A9D592012920B00F6BC4F /* crypto_sign.h in Headers */ = {isa = PBXBuildFile; fileRef = E97A9D082012920B00F6BC4F /* crypto_sign.h */; };
		E97A9D5A2012920B00F6BC4F /* crypto_sign_ed25519.h in Headers */ = {isa = PBXBuildFile; fileRef = E97A9D092012920B00F6BC4F /* crypto_sign_ed25519.h */; };
		E97A9D5B2012920B00F6BC4F /* crypto_sign_edwards25519sha512batch.h in Headers */ = {isa = PBXBuildFile; fileRef = E97A9D0A2012920B00F6BC4F /* crypto_sign_edwards25519sha512batch.h */; };
		E97A9D5C2012920B00F6BC4F /* crypto_stream.h in Headers */ = {isa = PBXBuildFile; fileRef = E97A9D0B2012920B00F6BC4F /* crypto_stream.h */; };
		E97A9D5D2012920B00F6BC4F /* crypto_stream_chacha20.h in Headers */ = {isa = PBXBuildFile; fileRef = E97A9D0C2012920B00F6BC4F /* crypto_stream_chacha20.h */; };
		E97A9D5E2012920B00F6BC4F /* crypto_stream_salsa20.h in Headers */ = {isa = PBXBuildFile; fileRef = E97A9D0D2012920B00F6BC4F /* crypto_stream_salsa20.h */; };
		E97A9D5F2012920B00F6BC4F /* crypto_stream_salsa2012.h in Headers */ = {isa = PBXBuildFile; fileRef = E97A9D0E2012920B00F6BC4F /* crypto_stream_salsa2012.h */; };
		E97A9D602012920B00F6BC4F /* crypto_stream_salsa208.h in Headers */ = {isa = PBXBuildFile; fileRef = E97A9D0F2012920B00F6BC4F /* crypto_stream_salsa208.h */; };
		E97A9D612012920B00F6BC4F /* crypto_stream_xchacha20.h in Headers */ = {isa = PBXBuildFile; fileRef = E97A9D102012920B00F6BC4F /* crypto_stream_xchacha20.h */; };
		E97A9D622012920B00F6BC4F /* crypto_stream_xsalsa20.h in Headers */ = {isa = PBXBuildFile; fileRef = E97A9D112012920B00F6BC4F /* crypto_stream_xsalsa20.h */; };
		E97A9D632012920B00F6BC4F /* crypto_verify_16.h in Headers */ = {isa = PBXBuildFile; fileRef = E97A9D122012920B00F6BC4F /* crypto_verify_16.h */; };
		E97A9D642012920B00F6BC4F /* crypto_verify_32.h in Headers */ = {isa = PBXBuildFile; fileRef = E97A9D132012920B00F6BC4F /* crypto_verify_32.h */; };
		E97A9D652012920B00F6BC4F /* crypto_verify_64.h in Headers */ = {isa = PBXBuildFile; fileRef = E97A9D142012920B00F6BC4F /* crypto_verify_64.h */; };
		E97A9D662012920B00F6BC4F /* export.h in Headers */ = {isa = PBXBuildFile; fileRef = E97A9D152012920B00F6BC4F /* export.h */; };
		E97A9D672012920B00F6BC4F /* libsodium-ios.a in Frameworks */ = {isa = PBXBuildFile; fileRef = E97A9D162012920B00F6BC4F /* libsodium-ios.a */; };
		E97A9D682012920B00F6BC4F /* libsodium-osx.a in Frameworks */ = {isa = PBXBuildFile; fileRef = E97A9D172012920B00F6BC4F /* libsodium-osx.a */; };
		E97A9D692012920B00F6BC4F /* randombytes.h in Headers */ = {isa = PBXBuildFile; fileRef = E97A9D192012920B00F6BC4F /* randombytes.h */; };
		E97A9D6A2012920B00F6BC4F /* randombytes_salsa20_random.h in Headers */ = {isa = PBXBuildFile; fileRef = E97A9D1A2012920B00F6BC4F /* randombytes_salsa20_random.h */; };
		E97A9D6B2012920B00F6BC4F /* randombytes_sysrandom.h in Headers */ = {isa = PBXBuildFile; fileRef = E97A9D1B2012920B00F6BC4F /* randombytes_sysrandom.h */; };
		E97A9D6C2012920B00F6BC4F /* runtime.h in Headers */ = {isa = PBXBuildFile; fileRef = E97A9D1C2012920B00F6BC4F /* runtime.h */; };
		E97A9D6D2012920B00F6BC4F /* sodium_lib.h in Headers */ = {isa = PBXBuildFile; fileRef = E97A9D1D2012920B00F6BC4F /* sodium_lib.h */; };
		E97A9D6E2012920B00F6BC4F /* utils.h in Headers */ = {isa = PBXBuildFile; fileRef = E97A9D1E2012920B00F6BC4F /* utils.h */; };
		E97A9D6F2012920B00F6BC4F /* version.h in Headers */ = {isa = PBXBuildFile; fileRef = E97A9D1F2012920B00F6BC4F /* version.h */; };
		E97A9D702012920B00F6BC4F /* PWHash.swift in Sources */ = {isa = PBXBuildFile; fileRef = E97A9D202012920B00F6BC4F /* PWHash.swift */; };
		E97A9D712012920B00F6BC4F /* RandomBytes.swift in Sources */ = {isa = PBXBuildFile; fileRef = E97A9D212012920B00F6BC4F /* RandomBytes.swift */; };
		E97A9D722012920B00F6BC4F /* SecretBox.swift in Sources */ = {isa = PBXBuildFile; fileRef = E97A9D222012920B00F6BC4F /* SecretBox.swift */; };
		E97A9D732012920B00F6BC4F /* SecretStream.swift in Sources */ = {isa = PBXBuildFile; fileRef = E97A9D232012920B00F6BC4F /* SecretStream.swift */; };
		E97A9D742012920B00F6BC4F /* ShortHash.swift in Sources */ = {isa = PBXBuildFile; fileRef = E97A9D242012920B00F6BC4F /* ShortHash.swift */; };
		E97A9D752012920B00F6BC4F /* Sign.swift in Sources */ = {isa = PBXBuildFile; fileRef = E97A9D252012920B00F6BC4F /* Sign.swift */; };
		E97A9D762012920B00F6BC4F /* Sodium.h in Headers */ = {isa = PBXBuildFile; fileRef = E97A9D262012920B00F6BC4F /* Sodium.h */; };
		E97A9D772012920B00F6BC4F /* Sodium.swift in Sources */ = {isa = PBXBuildFile; fileRef = E97A9D272012920B00F6BC4F /* Sodium.swift */; };
		E97A9D782012920B00F6BC4F /* Stream.swift in Sources */ = {isa = PBXBuildFile; fileRef = E97A9D282012920B00F6BC4F /* Stream.swift */; };
		E97A9D792012920B00F6BC4F /* Utils.swift in Sources */ = {isa = PBXBuildFile; fileRef = E97A9D292012920B00F6BC4F /* Utils.swift */; };
		E9E21C932012AB4500170419 /* KeychainSwiftAccessOptions.swift in Sources */ = {isa = PBXBuildFile; fileRef = E9E21C902012AB4500170419 /* KeychainSwiftAccessOptions.swift */; };
		E9E21C942012AB4500170419 /* KeychainSwift.swift in Sources */ = {isa = PBXBuildFile; fileRef = E9E21C912012AB4500170419 /* KeychainSwift.swift */; };
		E9E21C952012AB4500170419 /* TegKeychainConstants.swift in Sources */ = {isa = PBXBuildFile; fileRef = E9E21C922012AB4500170419 /* TegKeychainConstants.swift */; };
/* End PBXBuildFile section */

/* Begin PBXContainerItemProxy section */
		82340BA71FFDF2DA0034204F /* PBXContainerItemProxy */ = {
			isa = PBXContainerItemProxy;
			containerPortal = 82340B931FFDF2DA0034204F /* Project object */;
			proxyType = 1;
			remoteGlobalIDString = 82340B9B1FFDF2DA0034204F;
			remoteInfo = SwiftyStellar;
		};
		82ECAB94200380290010E31F /* PBXContainerItemProxy */ = {
			isa = PBXContainerItemProxy;
			containerPortal = 82340B931FFDF2DA0034204F /* Project object */;
			proxyType = 1;
			remoteGlobalIDString = 82340BC01FFDF3F30034204F;
			remoteInfo = SwiftyStellarHost;
		};
/* End PBXContainerItemProxy section */

/* Begin PBXFileReference section */
		82340B9C1FFDF2DA0034204F /* StellarKinKit.framework */ = {isa = PBXFileReference; explicitFileType = wrapper.framework; includeInIndex = 0; path = StellarKinKit.framework; sourceTree = BUILT_PRODUCTS_DIR; };
		82340B9F1FFDF2DA0034204F /* StellarKinKit.h */ = {isa = PBXFileReference; lastKnownFileType = sourcecode.c.h; path = StellarKinKit.h; sourceTree = "<group>"; };
		82340BA01FFDF2DA0034204F /* Info.plist */ = {isa = PBXFileReference; lastKnownFileType = text.plist.xml; name = Info.plist; path = ../StellarKinKit/Info.plist; sourceTree = "<group>"; };
		82340BA51FFDF2DA0034204F /* StellarKinKitTests.xctest */ = {isa = PBXFileReference; explicitFileType = wrapper.cfbundle; includeInIndex = 0; path = StellarKinKitTests.xctest; sourceTree = BUILT_PRODUCTS_DIR; };
		82340BAA1FFDF2DA0034204F /* StellarKinKitTests.swift */ = {isa = PBXFileReference; lastKnownFileType = sourcecode.swift; path = StellarKinKitTests.swift; sourceTree = "<group>"; };
		82340BAC1FFDF2DA0034204F /* Info.plist */ = {isa = PBXFileReference; lastKnownFileType = text.plist.xml; path = Info.plist; sourceTree = "<group>"; };
		82340BB71FFDF3390034204F /* Conversion.swift */ = {isa = PBXFileReference; fileEncoding = 4; lastKnownFileType = sourcecode.swift; path = Conversion.swift; sourceTree = "<group>"; };
		82340BB81FFDF3390034204F /* XDRCodable.swift */ = {isa = PBXFileReference; fileEncoding = 4; lastKnownFileType = sourcecode.swift; path = XDRCodable.swift; sourceTree = "<group>"; };
		82340BB91FFDF3390034204F /* StellarTypes.swift */ = {isa = PBXFileReference; fileEncoding = 4; lastKnownFileType = sourcecode.swift; path = StellarTypes.swift; sourceTree = "<group>"; };
		82340BC11FFDF3F30034204F /* StellarKinKitHost.app */ = {isa = PBXFileReference; explicitFileType = wrapper.application; includeInIndex = 0; path = StellarKinKitHost.app; sourceTree = BUILT_PRODUCTS_DIR; };
		82340BC31FFDF3F30034204F /* AppDelegate.swift */ = {isa = PBXFileReference; lastKnownFileType = sourcecode.swift; path = AppDelegate.swift; sourceTree = "<group>"; };
		82340BC51FFDF3F30034204F /* ViewController.swift */ = {isa = PBXFileReference; lastKnownFileType = sourcecode.swift; path = ViewController.swift; sourceTree = "<group>"; };
		82340BC81FFDF3F30034204F /* Base */ = {isa = PBXFileReference; lastKnownFileType = file.storyboard; name = Base; path = Base.lproj/Main.storyboard; sourceTree = "<group>"; };
		82340BCA1FFDF3F30034204F /* Assets.xcassets */ = {isa = PBXFileReference; lastKnownFileType = folder.assetcatalog; path = Assets.xcassets; sourceTree = "<group>"; };
		82340BCD1FFDF3F30034204F /* Base */ = {isa = PBXFileReference; lastKnownFileType = file.storyboard; name = Base; path = Base.lproj/LaunchScreen.storyboard; sourceTree = "<group>"; };
		82340BCF1FFDF3F30034204F /* Info.plist */ = {isa = PBXFileReference; lastKnownFileType = text.plist.xml; path = Info.plist; sourceTree = "<group>"; };
		82340BD31FFDF7780034204F /* Data+extensions.swift */ = {isa = PBXFileReference; lastKnownFileType = sourcecode.swift; path = "Data+extensions.swift"; sourceTree = "<group>"; };
		82340BDC1FFE24EE0034204F /* Stellar.swift */ = {isa = PBXFileReference; lastKnownFileType = sourcecode.swift; path = Stellar.swift; sourceTree = "<group>"; };
		82340C44200138E50034204F /* StellarResults.swift */ = {isa = PBXFileReference; lastKnownFileType = sourcecode.swift; path = StellarResults.swift; sourceTree = "<group>"; };
		82340C4A20014BFC0034204F /* StellarErrors.swift */ = {isa = PBXFileReference; lastKnownFileType = sourcecode.swift; path = StellarErrors.swift; sourceTree = "<group>"; };
		825BD8912007CFCB00AF981A /* KeyStoreTests.swift */ = {isa = PBXFileReference; lastKnownFileType = sourcecode.swift; path = KeyStoreTests.swift; sourceTree = "<group>"; };
		82ECAB892002A2880010E31F /* XDRTests.swift */ = {isa = PBXFileReference; lastKnownFileType = sourcecode.swift; path = XDRTests.swift; sourceTree = "<group>"; };
		82ECAB8B2003290F0010E31F /* KeyUtils.swift */ = {isa = PBXFileReference; lastKnownFileType = sourcecode.swift; path = KeyUtils.swift; sourceTree = "<group>"; };
		82ECAB8F200367660010E31F /* KeyStore.swift */ = {isa = PBXFileReference; lastKnownFileType = sourcecode.swift; path = KeyStore.swift; sourceTree = "<group>"; };
		E97A9CD82012920B00F6BC4F /* Auth.swift */ = {isa = PBXFileReference; fileEncoding = 4; lastKnownFileType = sourcecode.swift; path = Auth.swift; sourceTree = "<group>"; };
		E97A9CD92012920B00F6BC4F /* Box.swift */ = {isa = PBXFileReference; fileEncoding = 4; lastKnownFileType = sourcecode.swift; path = Box.swift; sourceTree = "<group>"; };
		E97A9CDA2012920B00F6BC4F /* GenericHash.swift */ = {isa = PBXFileReference; fileEncoding = 4; lastKnownFileType = sourcecode.swift; path = GenericHash.swift; sourceTree = "<group>"; };
		E97A9CDB2012920B00F6BC4F /* Info.plist */ = {isa = PBXFileReference; fileEncoding = 4; lastKnownFileType = text.plist.xml; path = Info.plist; sourceTree = "<group>"; };
		E97A9CDC2012920B00F6BC4F /* KeyDerivation.swift */ = {isa = PBXFileReference; fileEncoding = 4; lastKnownFileType = sourcecode.swift; path = KeyDerivation.swift; sourceTree = "<group>"; };
		E97A9CDD2012920B00F6BC4F /* KeyExchange.swift */ = {isa = PBXFileReference; fileEncoding = 4; lastKnownFileType = sourcecode.swift; path = KeyExchange.swift; sourceTree = "<group>"; };
		E97A9CDF2012920B00F6BC4F /* core.h */ = {isa = PBXFileReference; fileEncoding = 4; lastKnownFileType = sourcecode.c.h; path = core.h; sourceTree = "<group>"; };
		E97A9CE02012920B00F6BC4F /* crypto_aead_aes256gcm.h */ = {isa = PBXFileReference; fileEncoding = 4; lastKnownFileType = sourcecode.c.h; path = crypto_aead_aes256gcm.h; sourceTree = "<group>"; };
		E97A9CE12012920B00F6BC4F /* crypto_aead_chacha20poly1305.h */ = {isa = PBXFileReference; fileEncoding = 4; lastKnownFileType = sourcecode.c.h; path = crypto_aead_chacha20poly1305.h; sourceTree = "<group>"; };
		E97A9CE22012920B00F6BC4F /* crypto_aead_xchacha20poly1305.h */ = {isa = PBXFileReference; fileEncoding = 4; lastKnownFileType = sourcecode.c.h; path = crypto_aead_xchacha20poly1305.h; sourceTree = "<group>"; };
		E97A9CE32012920B00F6BC4F /* crypto_auth.h */ = {isa = PBXFileReference; fileEncoding = 4; lastKnownFileType = sourcecode.c.h; path = crypto_auth.h; sourceTree = "<group>"; };
		E97A9CE42012920B00F6BC4F /* crypto_auth_hmacsha256.h */ = {isa = PBXFileReference; fileEncoding = 4; lastKnownFileType = sourcecode.c.h; path = crypto_auth_hmacsha256.h; sourceTree = "<group>"; };
		E97A9CE52012920B00F6BC4F /* crypto_auth_hmacsha512.h */ = {isa = PBXFileReference; fileEncoding = 4; lastKnownFileType = sourcecode.c.h; path = crypto_auth_hmacsha512.h; sourceTree = "<group>"; };
		E97A9CE62012920B00F6BC4F /* crypto_auth_hmacsha512256.h */ = {isa = PBXFileReference; fileEncoding = 4; lastKnownFileType = sourcecode.c.h; path = crypto_auth_hmacsha512256.h; sourceTree = "<group>"; };
		E97A9CE72012920B00F6BC4F /* crypto_box.h */ = {isa = PBXFileReference; fileEncoding = 4; lastKnownFileType = sourcecode.c.h; path = crypto_box.h; sourceTree = "<group>"; };
		E97A9CE82012920B00F6BC4F /* crypto_box_curve25519xchacha20poly1305.h */ = {isa = PBXFileReference; fileEncoding = 4; lastKnownFileType = sourcecode.c.h; path = crypto_box_curve25519xchacha20poly1305.h; sourceTree = "<group>"; };
		E97A9CE92012920B00F6BC4F /* crypto_box_curve25519xsalsa20poly1305.h */ = {isa = PBXFileReference; fileEncoding = 4; lastKnownFileType = sourcecode.c.h; path = crypto_box_curve25519xsalsa20poly1305.h; sourceTree = "<group>"; };
		E97A9CEA2012920B00F6BC4F /* crypto_core_curve25519.h */ = {isa = PBXFileReference; fileEncoding = 4; lastKnownFileType = sourcecode.c.h; path = crypto_core_curve25519.h; sourceTree = "<group>"; };
		E97A9CEB2012920B00F6BC4F /* crypto_core_ed25519.h */ = {isa = PBXFileReference; fileEncoding = 4; lastKnownFileType = sourcecode.c.h; path = crypto_core_ed25519.h; sourceTree = "<group>"; };
		E97A9CEC2012920B00F6BC4F /* crypto_core_hchacha20.h */ = {isa = PBXFileReference; fileEncoding = 4; lastKnownFileType = sourcecode.c.h; path = crypto_core_hchacha20.h; sourceTree = "<group>"; };
		E97A9CED2012920B00F6BC4F /* crypto_core_hsalsa20.h */ = {isa = PBXFileReference; fileEncoding = 4; lastKnownFileType = sourcecode.c.h; path = crypto_core_hsalsa20.h; sourceTree = "<group>"; };
		E97A9CEE2012920B00F6BC4F /* crypto_core_salsa20.h */ = {isa = PBXFileReference; fileEncoding = 4; lastKnownFileType = sourcecode.c.h; path = crypto_core_salsa20.h; sourceTree = "<group>"; };
		E97A9CEF2012920B00F6BC4F /* crypto_core_salsa2012.h */ = {isa = PBXFileReference; fileEncoding = 4; lastKnownFileType = sourcecode.c.h; path = crypto_core_salsa2012.h; sourceTree = "<group>"; };
		E97A9CF02012920B00F6BC4F /* crypto_core_salsa208.h */ = {isa = PBXFileReference; fileEncoding = 4; lastKnownFileType = sourcecode.c.h; path = crypto_core_salsa208.h; sourceTree = "<group>"; };
		E97A9CF12012920B00F6BC4F /* crypto_generichash.h */ = {isa = PBXFileReference; fileEncoding = 4; lastKnownFileType = sourcecode.c.h; path = crypto_generichash.h; sourceTree = "<group>"; };
		E97A9CF22012920B00F6BC4F /* crypto_generichash_blake2b.h */ = {isa = PBXFileReference; fileEncoding = 4; lastKnownFileType = sourcecode.c.h; path = crypto_generichash_blake2b.h; sourceTree = "<group>"; };
		E97A9CF32012920B00F6BC4F /* crypto_hash.h */ = {isa = PBXFileReference; fileEncoding = 4; lastKnownFileType = sourcecode.c.h; path = crypto_hash.h; sourceTree = "<group>"; };
		E97A9CF42012920B00F6BC4F /* crypto_hash_sha256.h */ = {isa = PBXFileReference; fileEncoding = 4; lastKnownFileType = sourcecode.c.h; path = crypto_hash_sha256.h; sourceTree = "<group>"; };
		E97A9CF52012920B00F6BC4F /* crypto_hash_sha512.h */ = {isa = PBXFileReference; fileEncoding = 4; lastKnownFileType = sourcecode.c.h; path = crypto_hash_sha512.h; sourceTree = "<group>"; };
		E97A9CF62012920B00F6BC4F /* crypto_kdf.h */ = {isa = PBXFileReference; fileEncoding = 4; lastKnownFileType = sourcecode.c.h; path = crypto_kdf.h; sourceTree = "<group>"; };
		E97A9CF72012920B00F6BC4F /* crypto_kdf_blake2b.h */ = {isa = PBXFileReference; fileEncoding = 4; lastKnownFileType = sourcecode.c.h; path = crypto_kdf_blake2b.h; sourceTree = "<group>"; };
		E97A9CF82012920B00F6BC4F /* crypto_kx.h */ = {isa = PBXFileReference; fileEncoding = 4; lastKnownFileType = sourcecode.c.h; path = crypto_kx.h; sourceTree = "<group>"; };
		E97A9CF92012920B00F6BC4F /* crypto_onetimeauth.h */ = {isa = PBXFileReference; fileEncoding = 4; lastKnownFileType = sourcecode.c.h; path = crypto_onetimeauth.h; sourceTree = "<group>"; };
		E97A9CFA2012920B00F6BC4F /* crypto_onetimeauth_poly1305.h */ = {isa = PBXFileReference; fileEncoding = 4; lastKnownFileType = sourcecode.c.h; path = crypto_onetimeauth_poly1305.h; sourceTree = "<group>"; };
		E97A9CFB2012920B00F6BC4F /* crypto_pwhash.h */ = {isa = PBXFileReference; fileEncoding = 4; lastKnownFileType = sourcecode.c.h; path = crypto_pwhash.h; sourceTree = "<group>"; };
		E97A9CFC2012920B00F6BC4F /* crypto_pwhash_argon2i.h */ = {isa = PBXFileReference; fileEncoding = 4; lastKnownFileType = sourcecode.c.h; path = crypto_pwhash_argon2i.h; sourceTree = "<group>"; };
		E97A9CFD2012920B00F6BC4F /* crypto_pwhash_argon2id.h */ = {isa = PBXFileReference; fileEncoding = 4; lastKnownFileType = sourcecode.c.h; path = crypto_pwhash_argon2id.h; sourceTree = "<group>"; };
		E97A9CFE2012920B00F6BC4F /* crypto_pwhash_scryptsalsa208sha256.h */ = {isa = PBXFileReference; fileEncoding = 4; lastKnownFileType = sourcecode.c.h; path = crypto_pwhash_scryptsalsa208sha256.h; sourceTree = "<group>"; };
		E97A9CFF2012920B00F6BC4F /* crypto_scalarmult.h */ = {isa = PBXFileReference; fileEncoding = 4; lastKnownFileType = sourcecode.c.h; path = crypto_scalarmult.h; sourceTree = "<group>"; };
		E97A9D002012920B00F6BC4F /* crypto_scalarmult_curve25519.h */ = {isa = PBXFileReference; fileEncoding = 4; lastKnownFileType = sourcecode.c.h; path = crypto_scalarmult_curve25519.h; sourceTree = "<group>"; };
		E97A9D012012920B00F6BC4F /* crypto_scalarmult_ed25519.h */ = {isa = PBXFileReference; fileEncoding = 4; lastKnownFileType = sourcecode.c.h; path = crypto_scalarmult_ed25519.h; sourceTree = "<group>"; };
		E97A9D022012920B00F6BC4F /* crypto_secretbox.h */ = {isa = PBXFileReference; fileEncoding = 4; lastKnownFileType = sourcecode.c.h; path = crypto_secretbox.h; sourceTree = "<group>"; };
		E97A9D032012920B00F6BC4F /* crypto_secretbox_xchacha20poly1305.h */ = {isa = PBXFileReference; fileEncoding = 4; lastKnownFileType = sourcecode.c.h; path = crypto_secretbox_xchacha20poly1305.h; sourceTree = "<group>"; };
		E97A9D042012920B00F6BC4F /* crypto_secretbox_xsalsa20poly1305.h */ = {isa = PBXFileReference; fileEncoding = 4; lastKnownFileType = sourcecode.c.h; path = crypto_secretbox_xsalsa20poly1305.h; sourceTree = "<group>"; };
		E97A9D052012920B00F6BC4F /* crypto_secretstream_xchacha20poly1305.h */ = {isa = PBXFileReference; fileEncoding = 4; lastKnownFileType = sourcecode.c.h; path = crypto_secretstream_xchacha20poly1305.h; sourceTree = "<group>"; };
		E97A9D062012920B00F6BC4F /* crypto_shorthash.h */ = {isa = PBXFileReference; fileEncoding = 4; lastKnownFileType = sourcecode.c.h; path = crypto_shorthash.h; sourceTree = "<group>"; };
		E97A9D072012920B00F6BC4F /* crypto_shorthash_siphash24.h */ = {isa = PBXFileReference; fileEncoding = 4; lastKnownFileType = sourcecode.c.h; path = crypto_shorthash_siphash24.h; sourceTree = "<group>"; };
		E97A9D082012920B00F6BC4F /* crypto_sign.h */ = {isa = PBXFileReference; fileEncoding = 4; lastKnownFileType = sourcecode.c.h; path = crypto_sign.h; sourceTree = "<group>"; };
		E97A9D092012920B00F6BC4F /* crypto_sign_ed25519.h */ = {isa = PBXFileReference; fileEncoding = 4; lastKnownFileType = sourcecode.c.h; path = crypto_sign_ed25519.h; sourceTree = "<group>"; };
		E97A9D0A2012920B00F6BC4F /* crypto_sign_edwards25519sha512batch.h */ = {isa = PBXFileReference; fileEncoding = 4; lastKnownFileType = sourcecode.c.h; path = crypto_sign_edwards25519sha512batch.h; sourceTree = "<group>"; };
		E97A9D0B2012920B00F6BC4F /* crypto_stream.h */ = {isa = PBXFileReference; fileEncoding = 4; lastKnownFileType = sourcecode.c.h; path = crypto_stream.h; sourceTree = "<group>"; };
		E97A9D0C2012920B00F6BC4F /* crypto_stream_chacha20.h */ = {isa = PBXFileReference; fileEncoding = 4; lastKnownFileType = sourcecode.c.h; path = crypto_stream_chacha20.h; sourceTree = "<group>"; };
		E97A9D0D2012920B00F6BC4F /* crypto_stream_salsa20.h */ = {isa = PBXFileReference; fileEncoding = 4; lastKnownFileType = sourcecode.c.h; path = crypto_stream_salsa20.h; sourceTree = "<group>"; };
		E97A9D0E2012920B00F6BC4F /* crypto_stream_salsa2012.h */ = {isa = PBXFileReference; fileEncoding = 4; lastKnownFileType = sourcecode.c.h; path = crypto_stream_salsa2012.h; sourceTree = "<group>"; };
		E97A9D0F2012920B00F6BC4F /* crypto_stream_salsa208.h */ = {isa = PBXFileReference; fileEncoding = 4; lastKnownFileType = sourcecode.c.h; path = crypto_stream_salsa208.h; sourceTree = "<group>"; };
		E97A9D102012920B00F6BC4F /* crypto_stream_xchacha20.h */ = {isa = PBXFileReference; fileEncoding = 4; lastKnownFileType = sourcecode.c.h; path = crypto_stream_xchacha20.h; sourceTree = "<group>"; };
		E97A9D112012920B00F6BC4F /* crypto_stream_xsalsa20.h */ = {isa = PBXFileReference; fileEncoding = 4; lastKnownFileType = sourcecode.c.h; path = crypto_stream_xsalsa20.h; sourceTree = "<group>"; };
		E97A9D122012920B00F6BC4F /* crypto_verify_16.h */ = {isa = PBXFileReference; fileEncoding = 4; lastKnownFileType = sourcecode.c.h; path = crypto_verify_16.h; sourceTree = "<group>"; };
		E97A9D132012920B00F6BC4F /* crypto_verify_32.h */ = {isa = PBXFileReference; fileEncoding = 4; lastKnownFileType = sourcecode.c.h; path = crypto_verify_32.h; sourceTree = "<group>"; };
		E97A9D142012920B00F6BC4F /* crypto_verify_64.h */ = {isa = PBXFileReference; fileEncoding = 4; lastKnownFileType = sourcecode.c.h; path = crypto_verify_64.h; sourceTree = "<group>"; };
		E97A9D152012920B00F6BC4F /* export.h */ = {isa = PBXFileReference; fileEncoding = 4; lastKnownFileType = sourcecode.c.h; path = export.h; sourceTree = "<group>"; };
		E97A9D162012920B00F6BC4F /* libsodium-ios.a */ = {isa = PBXFileReference; lastKnownFileType = archive.ar; path = "libsodium-ios.a"; sourceTree = "<group>"; };
		E97A9D172012920B00F6BC4F /* libsodium-osx.a */ = {isa = PBXFileReference; lastKnownFileType = archive.ar; path = "libsodium-osx.a"; sourceTree = "<group>"; };
		E97A9D182012920B00F6BC4F /* module.modulemap */ = {isa = PBXFileReference; fileEncoding = 4; lastKnownFileType = "sourcecode.module-map"; path = module.modulemap; sourceTree = "<group>"; };
		E97A9D192012920B00F6BC4F /* randombytes.h */ = {isa = PBXFileReference; fileEncoding = 4; lastKnownFileType = sourcecode.c.h; path = randombytes.h; sourceTree = "<group>"; };
		E97A9D1A2012920B00F6BC4F /* randombytes_salsa20_random.h */ = {isa = PBXFileReference; fileEncoding = 4; lastKnownFileType = sourcecode.c.h; path = randombytes_salsa20_random.h; sourceTree = "<group>"; };
		E97A9D1B2012920B00F6BC4F /* randombytes_sysrandom.h */ = {isa = PBXFileReference; fileEncoding = 4; lastKnownFileType = sourcecode.c.h; path = randombytes_sysrandom.h; sourceTree = "<group>"; };
		E97A9D1C2012920B00F6BC4F /* runtime.h */ = {isa = PBXFileReference; fileEncoding = 4; lastKnownFileType = sourcecode.c.h; path = runtime.h; sourceTree = "<group>"; };
		E97A9D1D2012920B00F6BC4F /* sodium_lib.h */ = {isa = PBXFileReference; fileEncoding = 4; lastKnownFileType = sourcecode.c.h; path = sodium_lib.h; sourceTree = "<group>"; };
		E97A9D1E2012920B00F6BC4F /* utils.h */ = {isa = PBXFileReference; fileEncoding = 4; lastKnownFileType = sourcecode.c.h; path = utils.h; sourceTree = "<group>"; };
		E97A9D1F2012920B00F6BC4F /* version.h */ = {isa = PBXFileReference; fileEncoding = 4; lastKnownFileType = sourcecode.c.h; path = version.h; sourceTree = "<group>"; };
		E97A9D202012920B00F6BC4F /* PWHash.swift */ = {isa = PBXFileReference; fileEncoding = 4; lastKnownFileType = sourcecode.swift; path = PWHash.swift; sourceTree = "<group>"; };
		E97A9D212012920B00F6BC4F /* RandomBytes.swift */ = {isa = PBXFileReference; fileEncoding = 4; lastKnownFileType = sourcecode.swift; path = RandomBytes.swift; sourceTree = "<group>"; };
		E97A9D222012920B00F6BC4F /* SecretBox.swift */ = {isa = PBXFileReference; fileEncoding = 4; lastKnownFileType = sourcecode.swift; path = SecretBox.swift; sourceTree = "<group>"; };
		E97A9D232012920B00F6BC4F /* SecretStream.swift */ = {isa = PBXFileReference; fileEncoding = 4; lastKnownFileType = sourcecode.swift; path = SecretStream.swift; sourceTree = "<group>"; };
		E97A9D242012920B00F6BC4F /* ShortHash.swift */ = {isa = PBXFileReference; fileEncoding = 4; lastKnownFileType = sourcecode.swift; path = ShortHash.swift; sourceTree = "<group>"; };
		E97A9D252012920B00F6BC4F /* Sign.swift */ = {isa = PBXFileReference; fileEncoding = 4; lastKnownFileType = sourcecode.swift; path = Sign.swift; sourceTree = "<group>"; };
		E97A9D262012920B00F6BC4F /* Sodium.h */ = {isa = PBXFileReference; fileEncoding = 4; lastKnownFileType = sourcecode.c.h; path = Sodium.h; sourceTree = "<group>"; };
		E97A9D272012920B00F6BC4F /* Sodium.swift */ = {isa = PBXFileReference; fileEncoding = 4; lastKnownFileType = sourcecode.swift; path = Sodium.swift; sourceTree = "<group>"; };
		E97A9D282012920B00F6BC4F /* Stream.swift */ = {isa = PBXFileReference; fileEncoding = 4; lastKnownFileType = sourcecode.swift; path = Stream.swift; sourceTree = "<group>"; };
		E97A9D292012920B00F6BC4F /* Utils.swift */ = {isa = PBXFileReference; fileEncoding = 4; lastKnownFileType = sourcecode.swift; path = Utils.swift; sourceTree = "<group>"; };
		E983D25520023F0E00E917FA /* Foundation.framework */ = {isa = PBXFileReference; lastKnownFileType = wrapper.framework; name = Foundation.framework; path = System/Library/Frameworks/Foundation.framework; sourceTree = SDKROOT; };
		E9E21C902012AB4500170419 /* KeychainSwiftAccessOptions.swift */ = {isa = PBXFileReference; fileEncoding = 4; lastKnownFileType = sourcecode.swift; name = KeychainSwiftAccessOptions.swift; path = "keychain-swift/KeychainSwift/KeychainSwiftAccessOptions.swift"; sourceTree = SOURCE_ROOT; };
		E9E21C912012AB4500170419 /* KeychainSwift.swift */ = {isa = PBXFileReference; fileEncoding = 4; lastKnownFileType = sourcecode.swift; name = KeychainSwift.swift; path = "keychain-swift/KeychainSwift/KeychainSwift.swift"; sourceTree = SOURCE_ROOT; };
		E9E21C922012AB4500170419 /* TegKeychainConstants.swift */ = {isa = PBXFileReference; fileEncoding = 4; lastKnownFileType = sourcecode.swift; name = TegKeychainConstants.swift; path = "keychain-swift/KeychainSwift/TegKeychainConstants.swift"; sourceTree = SOURCE_ROOT; };
/* End PBXFileReference section */

/* Begin PBXFrameworksBuildPhase section */
		82340B981FFDF2DA0034204F /* Frameworks */ = {
			isa = PBXFrameworksBuildPhase;
			buildActionMask = 2147483647;
			files = (
				E97A9D672012920B00F6BC4F /* libsodium-ios.a in Frameworks */,
				E97A9D682012920B00F6BC4F /* libsodium-osx.a in Frameworks */,
			);
			runOnlyForDeploymentPostprocessing = 0;
		};
		82340BA21FFDF2DA0034204F /* Frameworks */ = {
			isa = PBXFrameworksBuildPhase;
			buildActionMask = 2147483647;
			files = (
				82340BA61FFDF2DA0034204F /* StellarKinKit.framework in Frameworks */,
			);
			runOnlyForDeploymentPostprocessing = 0;
		};
		82340BBE1FFDF3F30034204F /* Frameworks */ = {
			isa = PBXFrameworksBuildPhase;
			buildActionMask = 2147483647;
			files = (
			);
			runOnlyForDeploymentPostprocessing = 0;
		};
/* End PBXFrameworksBuildPhase section */

/* Begin PBXGroup section */
		82340B921FFDF2DA0034204F = {
			isa = PBXGroup;
			children = (
				82340B9E1FFDF2DA0034204F /* StellarKinKit */,
				82340BA91FFDF2DA0034204F /* StellarKinKitTests */,
				82340BC21FFDF3F30034204F /* StellarKinKitHost */,
				82340B9D1FFDF2DA0034204F /* Products */,
				82340BFC1FFE41AA0034204F /* Frameworks */,
			);
			sourceTree = "<group>";
		};
		82340B9D1FFDF2DA0034204F /* Products */ = {
			isa = PBXGroup;
			children = (
				82340B9C1FFDF2DA0034204F /* StellarKinKit.framework */,
				82340BA51FFDF2DA0034204F /* StellarKinKitTests.xctest */,
				82340BC11FFDF3F30034204F /* StellarKinKitHost.app */,
			);
			name = Products;
			sourceTree = "<group>";
		};
		82340B9E1FFDF2DA0034204F /* StellarKinKit */ = {
			isa = PBXGroup;
			children = (
				8268D8CF201108BE005CF79E /* third-party */,
				82340BB61FFDF3030034204F /* source */,
				82340B9F1FFDF2DA0034204F /* StellarKinKit.h */,
				82340BA01FFDF2DA0034204F /* Info.plist */,
			);
			path = StellarKinKit;
			sourceTree = "<group>";
		};
		82340BA91FFDF2DA0034204F /* StellarKinKitTests */ = {
			isa = PBXGroup;
			children = (
				82340BAA1FFDF2DA0034204F /* StellarKinKitTests.swift */,
				825BD8912007CFCB00AF981A /* KeyStoreTests.swift */,
				82ECAB892002A2880010E31F /* XDRTests.swift */,
				82340BAC1FFDF2DA0034204F /* Info.plist */,
			);
			path = StellarKinKitTests;
			sourceTree = "<group>";
		};
		82340BB61FFDF3030034204F /* source */ = {
			isa = PBXGroup;
			children = (
				82340BB71FFDF3390034204F /* Conversion.swift */,
				82340BD31FFDF7780034204F /* Data+extensions.swift */,
				82ECAB8F200367660010E31F /* KeyStore.swift */,
				82ECAB8B2003290F0010E31F /* KeyUtils.swift */,
				82340BDC1FFE24EE0034204F /* Stellar.swift */,
				82340C4A20014BFC0034204F /* StellarErrors.swift */,
				82340C44200138E50034204F /* StellarResults.swift */,
				82340BB91FFDF3390034204F /* StellarTypes.swift */,
				82340BB81FFDF3390034204F /* XDRCodable.swift */,
			);
			name = source;
			path = ../StellarKinKit/source;
			sourceTree = "<group>";
		};
		82340BC21FFDF3F30034204F /* StellarKinKitHost */ = {
			isa = PBXGroup;
			children = (
				82340BC31FFDF3F30034204F /* AppDelegate.swift */,
				82340BC51FFDF3F30034204F /* ViewController.swift */,
				82340BC71FFDF3F30034204F /* Main.storyboard */,
				82340BCA1FFDF3F30034204F /* Assets.xcassets */,
				82340BCC1FFDF3F30034204F /* LaunchScreen.storyboard */,
				82340BCF1FFDF3F30034204F /* Info.plist */,
			);
			path = StellarKinKitHost;
			sourceTree = "<group>";
		};
		82340BFC1FFE41AA0034204F /* Frameworks */ = {
			isa = PBXGroup;
			children = (
				E983D25520023F0E00E917FA /* Foundation.framework */,
			);
			name = Frameworks;
			sourceTree = "<group>";
		};
		8268D8CF201108BE005CF79E /* third-party */ = {
			isa = PBXGroup;
			children = (
				E9E21C892012AABB00170419 /* keychain-swift */,
				E97A9CD72012920B00F6BC4F /* Sodium */,
			);
			path = "third-party";
			sourceTree = "<group>";
		};
		E97A9CD72012920B00F6BC4F /* Sodium */ = {
			isa = PBXGroup;
			children = (
				E97A9CD82012920B00F6BC4F /* Auth.swift */,
				E97A9CD92012920B00F6BC4F /* Box.swift */,
				E97A9CDA2012920B00F6BC4F /* GenericHash.swift */,
				E97A9CDB2012920B00F6BC4F /* Info.plist */,
				E97A9CDC2012920B00F6BC4F /* KeyDerivation.swift */,
				E97A9CDD2012920B00F6BC4F /* KeyExchange.swift */,
				E97A9CDE2012920B00F6BC4F /* libsodium */,
				E97A9D202012920B00F6BC4F /* PWHash.swift */,
				E97A9D212012920B00F6BC4F /* RandomBytes.swift */,
				E97A9D222012920B00F6BC4F /* SecretBox.swift */,
				E97A9D232012920B00F6BC4F /* SecretStream.swift */,
				E97A9D242012920B00F6BC4F /* ShortHash.swift */,
				E97A9D252012920B00F6BC4F /* Sign.swift */,
				E97A9D262012920B00F6BC4F /* Sodium.h */,
				E97A9D272012920B00F6BC4F /* Sodium.swift */,
				E97A9D282012920B00F6BC4F /* Stream.swift */,
				E97A9D292012920B00F6BC4F /* Utils.swift */,
			);
			name = Sodium;
			path = "swift-sodium/Sodium";
			sourceTree = SOURCE_ROOT;
		};
		E97A9CDE2012920B00F6BC4F /* libsodium */ = {
			isa = PBXGroup;
			children = (
				E97A9CDF2012920B00F6BC4F /* core.h */,
				E97A9CE02012920B00F6BC4F /* crypto_aead_aes256gcm.h */,
				E97A9CE12012920B00F6BC4F /* crypto_aead_chacha20poly1305.h */,
				E97A9CE22012920B00F6BC4F /* crypto_aead_xchacha20poly1305.h */,
				E97A9CE32012920B00F6BC4F /* crypto_auth.h */,
				E97A9CE42012920B00F6BC4F /* crypto_auth_hmacsha256.h */,
				E97A9CE52012920B00F6BC4F /* crypto_auth_hmacsha512.h */,
				E97A9CE62012920B00F6BC4F /* crypto_auth_hmacsha512256.h */,
				E97A9CE72012920B00F6BC4F /* crypto_box.h */,
				E97A9CE82012920B00F6BC4F /* crypto_box_curve25519xchacha20poly1305.h */,
				E97A9CE92012920B00F6BC4F /* crypto_box_curve25519xsalsa20poly1305.h */,
				E97A9CEA2012920B00F6BC4F /* crypto_core_curve25519.h */,
				E97A9CEB2012920B00F6BC4F /* crypto_core_ed25519.h */,
				E97A9CEC2012920B00F6BC4F /* crypto_core_hchacha20.h */,
				E97A9CED2012920B00F6BC4F /* crypto_core_hsalsa20.h */,
				E97A9CEE2012920B00F6BC4F /* crypto_core_salsa20.h */,
				E97A9CEF2012920B00F6BC4F /* crypto_core_salsa2012.h */,
				E97A9CF02012920B00F6BC4F /* crypto_core_salsa208.h */,
				E97A9CF12012920B00F6BC4F /* crypto_generichash.h */,
				E97A9CF22012920B00F6BC4F /* crypto_generichash_blake2b.h */,
				E97A9CF32012920B00F6BC4F /* crypto_hash.h */,
				E97A9CF42012920B00F6BC4F /* crypto_hash_sha256.h */,
				E97A9CF52012920B00F6BC4F /* crypto_hash_sha512.h */,
				E97A9CF62012920B00F6BC4F /* crypto_kdf.h */,
				E97A9CF72012920B00F6BC4F /* crypto_kdf_blake2b.h */,
				E97A9CF82012920B00F6BC4F /* crypto_kx.h */,
				E97A9CF92012920B00F6BC4F /* crypto_onetimeauth.h */,
				E97A9CFA2012920B00F6BC4F /* crypto_onetimeauth_poly1305.h */,
				E97A9CFB2012920B00F6BC4F /* crypto_pwhash.h */,
				E97A9CFC2012920B00F6BC4F /* crypto_pwhash_argon2i.h */,
				E97A9CFD2012920B00F6BC4F /* crypto_pwhash_argon2id.h */,
				E97A9CFE2012920B00F6BC4F /* crypto_pwhash_scryptsalsa208sha256.h */,
				E97A9CFF2012920B00F6BC4F /* crypto_scalarmult.h */,
				E97A9D002012920B00F6BC4F /* crypto_scalarmult_curve25519.h */,
				E97A9D012012920B00F6BC4F /* crypto_scalarmult_ed25519.h */,
				E97A9D022012920B00F6BC4F /* crypto_secretbox.h */,
				E97A9D032012920B00F6BC4F /* crypto_secretbox_xchacha20poly1305.h */,
				E97A9D042012920B00F6BC4F /* crypto_secretbox_xsalsa20poly1305.h */,
				E97A9D052012920B00F6BC4F /* crypto_secretstream_xchacha20poly1305.h */,
				E97A9D062012920B00F6BC4F /* crypto_shorthash.h */,
				E97A9D072012920B00F6BC4F /* crypto_shorthash_siphash24.h */,
				E97A9D082012920B00F6BC4F /* crypto_sign.h */,
				E97A9D092012920B00F6BC4F /* crypto_sign_ed25519.h */,
				E97A9D0A2012920B00F6BC4F /* crypto_sign_edwards25519sha512batch.h */,
				E97A9D0B2012920B00F6BC4F /* crypto_stream.h */,
				E97A9D0C2012920B00F6BC4F /* crypto_stream_chacha20.h */,
				E97A9D0D2012920B00F6BC4F /* crypto_stream_salsa20.h */,
				E97A9D0E2012920B00F6BC4F /* crypto_stream_salsa2012.h */,
				E97A9D0F2012920B00F6BC4F /* crypto_stream_salsa208.h */,
				E97A9D102012920B00F6BC4F /* crypto_stream_xchacha20.h */,
				E97A9D112012920B00F6BC4F /* crypto_stream_xsalsa20.h */,
				E97A9D122012920B00F6BC4F /* crypto_verify_16.h */,
				E97A9D132012920B00F6BC4F /* crypto_verify_32.h */,
				E97A9D142012920B00F6BC4F /* crypto_verify_64.h */,
				E97A9D152012920B00F6BC4F /* export.h */,
				E97A9D162012920B00F6BC4F /* libsodium-ios.a */,
				E97A9D172012920B00F6BC4F /* libsodium-osx.a */,
				E97A9D182012920B00F6BC4F /* module.modulemap */,
				E97A9D192012920B00F6BC4F /* randombytes.h */,
				E97A9D1A2012920B00F6BC4F /* randombytes_salsa20_random.h */,
				E97A9D1B2012920B00F6BC4F /* randombytes_sysrandom.h */,
				E97A9D1C2012920B00F6BC4F /* runtime.h */,
				E97A9D1D2012920B00F6BC4F /* sodium_lib.h */,
				E97A9D1E2012920B00F6BC4F /* utils.h */,
				E97A9D1F2012920B00F6BC4F /* version.h */,
			);
			path = libsodium;
			sourceTree = "<group>";
		};
		E9E21C892012AABB00170419 /* keychain-swift */ = {
			isa = PBXGroup;
			children = (
				E9E21C912012AB4500170419 /* KeychainSwift.swift */,
				E9E21C902012AB4500170419 /* KeychainSwiftAccessOptions.swift */,
				E9E21C922012AB4500170419 /* TegKeychainConstants.swift */,
			);
			name = "keychain-swift";
			sourceTree = "<group>";
		};
/* End PBXGroup section */

/* Begin PBXHeadersBuildPhase section */
		82340B991FFDF2DA0034204F /* Headers */ = {
			isa = PBXHeadersBuildPhase;
			buildActionMask = 2147483647;
			files = (
				E97A9D372012920B00F6BC4F /* crypto_auth_hmacsha512256.h in Headers */,
				E97A9D352012920B00F6BC4F /* crypto_auth_hmacsha256.h in Headers */,
				E97A9D612012920B00F6BC4F /* crypto_stream_xchacha20.h in Headers */,
				E97A9D3E2012920B00F6BC4F /* crypto_core_hsalsa20.h in Headers */,
				E97A9D6E2012920B00F6BC4F /* utils.h in Headers */,
				E97A9D442012920B00F6BC4F /* crypto_hash.h in Headers */,
				82340BAD1FFDF2DA0034204F /* StellarKinKit.h in Headers */,
				E97A9D5C2012920B00F6BC4F /* crypto_stream.h in Headers */,
				E97A9D552012920B00F6BC4F /* crypto_secretbox_xsalsa20poly1305.h in Headers */,
				E97A9D4F2012920B00F6BC4F /* crypto_pwhash_scryptsalsa208sha256.h in Headers */,
				E97A9D452012920B00F6BC4F /* crypto_hash_sha256.h in Headers */,
				E97A9D402012920B00F6BC4F /* crypto_core_salsa2012.h in Headers */,
				E97A9D622012920B00F6BC4F /* crypto_stream_xsalsa20.h in Headers */,
				E97A9D3A2012920B00F6BC4F /* crypto_box_curve25519xsalsa20poly1305.h in Headers */,
				E97A9D412012920B00F6BC4F /* crypto_core_salsa208.h in Headers */,
				E97A9D762012920B00F6BC4F /* Sodium.h in Headers */,
				E97A9D3C2012920B00F6BC4F /* crypto_core_ed25519.h in Headers */,
				E97A9D522012920B00F6BC4F /* crypto_scalarmult_ed25519.h in Headers */,
				E97A9D562012920B00F6BC4F /* crypto_secretstream_xchacha20poly1305.h in Headers */,
				E97A9D512012920B00F6BC4F /* crypto_scalarmult_curve25519.h in Headers */,
				E97A9D4D2012920B00F6BC4F /* crypto_pwhash_argon2i.h in Headers */,
				E97A9D6A2012920B00F6BC4F /* randombytes_salsa20_random.h in Headers */,
				E97A9D392012920B00F6BC4F /* crypto_box_curve25519xchacha20poly1305.h in Headers */,
				E97A9D5F2012920B00F6BC4F /* crypto_stream_salsa2012.h in Headers */,
				E97A9D642012920B00F6BC4F /* crypto_verify_32.h in Headers */,
				E97A9D592012920B00F6BC4F /* crypto_sign.h in Headers */,
				E97A9D5B2012920B00F6BC4F /* crypto_sign_edwards25519sha512batch.h in Headers */,
				E97A9D432012920B00F6BC4F /* crypto_generichash_blake2b.h in Headers */,
				E97A9D472012920B00F6BC4F /* crypto_kdf.h in Headers */,
				E97A9D6D2012920B00F6BC4F /* sodium_lib.h in Headers */,
				E97A9D4E2012920B00F6BC4F /* crypto_pwhash_argon2id.h in Headers */,
				E97A9D5D2012920B00F6BC4F /* crypto_stream_chacha20.h in Headers */,
				E97A9D4A2012920B00F6BC4F /* crypto_onetimeauth.h in Headers */,
				E97A9D322012920B00F6BC4F /* crypto_aead_chacha20poly1305.h in Headers */,
				E97A9D6B2012920B00F6BC4F /* randombytes_sysrandom.h in Headers */,
				E97A9D4B2012920B00F6BC4F /* crypto_onetimeauth_poly1305.h in Headers */,
				E97A9D582012920B00F6BC4F /* crypto_shorthash_siphash24.h in Headers */,
				E97A9D492012920B00F6BC4F /* crypto_kx.h in Headers */,
				E97A9D312012920B00F6BC4F /* crypto_aead_aes256gcm.h in Headers */,
				E97A9D422012920B00F6BC4F /* crypto_generichash.h in Headers */,
				E97A9D3D2012920B00F6BC4F /* crypto_core_hchacha20.h in Headers */,
				E97A9D692012920B00F6BC4F /* randombytes.h in Headers */,
				E97A9D3B2012920B00F6BC4F /* crypto_core_curve25519.h in Headers */,
				E97A9D462012920B00F6BC4F /* crypto_hash_sha512.h in Headers */,
				E97A9D632012920B00F6BC4F /* crypto_verify_16.h in Headers */,
				E97A9D542012920B00F6BC4F /* crypto_secretbox_xchacha20poly1305.h in Headers */,
				E97A9D4C2012920B00F6BC4F /* crypto_pwhash.h in Headers */,
				E97A9D362012920B00F6BC4F /* crypto_auth_hmacsha512.h in Headers */,
				E97A9D3F2012920B00F6BC4F /* crypto_core_salsa20.h in Headers */,
				E97A9D482012920B00F6BC4F /* crypto_kdf_blake2b.h in Headers */,
				E97A9D6F2012920B00F6BC4F /* version.h in Headers */,
				E97A9D532012920B00F6BC4F /* crypto_secretbox.h in Headers */,
				E97A9D572012920B00F6BC4F /* crypto_shorthash.h in Headers */,
				E97A9D5A2012920B00F6BC4F /* crypto_sign_ed25519.h in Headers */,
				E97A9D502012920B00F6BC4F /* crypto_scalarmult.h in Headers */,
				E97A9D6C2012920B00F6BC4F /* runtime.h in Headers */,
				E97A9D662012920B00F6BC4F /* export.h in Headers */,
				E97A9D342012920B00F6BC4F /* crypto_auth.h in Headers */,
				E97A9D602012920B00F6BC4F /* crypto_stream_salsa208.h in Headers */,
				E97A9D382012920B00F6BC4F /* crypto_box.h in Headers */,
				E97A9D332012920B00F6BC4F /* crypto_aead_xchacha20poly1305.h in Headers */,
				E97A9D5E2012920B00F6BC4F /* crypto_stream_salsa20.h in Headers */,
				E97A9D652012920B00F6BC4F /* crypto_verify_64.h in Headers */,
				E97A9D302012920B00F6BC4F /* core.h in Headers */,
			);
			runOnlyForDeploymentPostprocessing = 0;
		};
/* End PBXHeadersBuildPhase section */

/* Begin PBXNativeTarget section */
		82340B9B1FFDF2DA0034204F /* StellarKinKit */ = {
			isa = PBXNativeTarget;
			buildConfigurationList = 82340BB01FFDF2DA0034204F /* Build configuration list for PBXNativeTarget "StellarKinKit" */;
			buildPhases = (
				82340B971FFDF2DA0034204F /* Sources */,
				82340B981FFDF2DA0034204F /* Frameworks */,
				82340B991FFDF2DA0034204F /* Headers */,
				82340B9A1FFDF2DA0034204F /* Resources */,
			);
			buildRules = (
			);
			dependencies = (
			);
			name = StellarKinKit;
			productName = SwiftyStellar;
			productReference = 82340B9C1FFDF2DA0034204F /* StellarKinKit.framework */;
			productType = "com.apple.product-type.framework";
		};
		82340BA41FFDF2DA0034204F /* StellarKinKitTests */ = {
			isa = PBXNativeTarget;
			buildConfigurationList = 82340BB31FFDF2DA0034204F /* Build configuration list for PBXNativeTarget "StellarKinKitTests" */;
			buildPhases = (
				82340BA11FFDF2DA0034204F /* Sources */,
				82340BA21FFDF2DA0034204F /* Frameworks */,
				82340BA31FFDF2DA0034204F /* Resources */,
			);
			buildRules = (
			);
			dependencies = (
				82340BA81FFDF2DA0034204F /* PBXTargetDependency */,
				82ECAB95200380290010E31F /* PBXTargetDependency */,
			);
			name = StellarKinKitTests;
			productName = SwiftyStellarTests;
			productReference = 82340BA51FFDF2DA0034204F /* StellarKinKitTests.xctest */;
			productType = "com.apple.product-type.bundle.unit-test";
		};
		82340BC01FFDF3F30034204F /* StellarKinKitHost */ = {
			isa = PBXNativeTarget;
			buildConfigurationList = 82340BD01FFDF3F30034204F /* Build configuration list for PBXNativeTarget "StellarKinKitHost" */;
			buildPhases = (
				82340BBD1FFDF3F30034204F /* Sources */,
				82340BBE1FFDF3F30034204F /* Frameworks */,
				82340BBF1FFDF3F30034204F /* Resources */,
			);
			buildRules = (
			);
			dependencies = (
			);
			name = StellarKinKitHost;
			productName = SwiftyStellarHost;
			productReference = 82340BC11FFDF3F30034204F /* StellarKinKitHost.app */;
			productType = "com.apple.product-type.application";
		};
/* End PBXNativeTarget section */

/* Begin PBXProject section */
		82340B931FFDF2DA0034204F /* Project object */ = {
			isa = PBXProject;
			attributes = {
				LastSwiftUpdateCheck = 0920;
				LastUpgradeCheck = 0920;
				ORGANIZATIONNAME = "Kin Foundation";
				TargetAttributes = {
					82340B9B1FFDF2DA0034204F = {
						CreatedOnToolsVersion = 9.2;
						LastSwiftMigration = 0920;
						ProvisioningStyle = Automatic;
					};
					82340BA41FFDF2DA0034204F = {
						CreatedOnToolsVersion = 9.2;
						ProvisioningStyle = Automatic;
						TestTargetID = 82340BC01FFDF3F30034204F;
					};
					82340BC01FFDF3F30034204F = {
						CreatedOnToolsVersion = 9.2;
						ProvisioningStyle = Automatic;
					};
				};
			};
			buildConfigurationList = 82340B961FFDF2DA0034204F /* Build configuration list for PBXProject "StellarKinKit" */;
			compatibilityVersion = "Xcode 8.0";
			developmentRegion = en;
			hasScannedForEncodings = 0;
			knownRegions = (
				en,
				Base,
			);
			mainGroup = 82340B921FFDF2DA0034204F;
			productRefGroup = 82340B9D1FFDF2DA0034204F /* Products */;
			projectDirPath = "";
			projectRoot = "";
			targets = (
				82340B9B1FFDF2DA0034204F /* StellarKinKit */,
				82340BA41FFDF2DA0034204F /* StellarKinKitTests */,
				82340BC01FFDF3F30034204F /* StellarKinKitHost */,
			);
		};
/* End PBXProject section */

/* Begin PBXResourcesBuildPhase section */
		82340B9A1FFDF2DA0034204F /* Resources */ = {
			isa = PBXResourcesBuildPhase;
			buildActionMask = 2147483647;
			files = (
				E97A9D2D2012920B00F6BC4F /* Info.plist in Resources */,
			);
			runOnlyForDeploymentPostprocessing = 0;
		};
		82340BA31FFDF2DA0034204F /* Resources */ = {
			isa = PBXResourcesBuildPhase;
			buildActionMask = 2147483647;
			files = (
			);
			runOnlyForDeploymentPostprocessing = 0;
		};
		82340BBF1FFDF3F30034204F /* Resources */ = {
			isa = PBXResourcesBuildPhase;
			buildActionMask = 2147483647;
			files = (
				82340BCE1FFDF3F30034204F /* LaunchScreen.storyboard in Resources */,
				82340BCB1FFDF3F30034204F /* Assets.xcassets in Resources */,
				82340BC91FFDF3F30034204F /* Main.storyboard in Resources */,
			);
			runOnlyForDeploymentPostprocessing = 0;
		};
/* End PBXResourcesBuildPhase section */

/* Begin PBXSourcesBuildPhase section */
		82340B971FFDF2DA0034204F /* Sources */ = {
			isa = PBXSourcesBuildPhase;
			buildActionMask = 2147483647;
			files = (
				E9E21C942012AB4500170419 /* KeychainSwift.swift in Sources */,
				E97A9D712012920B00F6BC4F /* RandomBytes.swift in Sources */,
				E97A9D2C2012920B00F6BC4F /* GenericHash.swift in Sources */,
				E97A9D2A2012920B00F6BC4F /* Auth.swift in Sources */,
				E97A9D2F2012920B00F6BC4F /* KeyExchange.swift in Sources */,
				E9E21C932012AB4500170419 /* KeychainSwiftAccessOptions.swift in Sources */,
				E97A9D782012920B00F6BC4F /* Stream.swift in Sources */,
				E97A9D792012920B00F6BC4F /* Utils.swift in Sources */,
				E97A9D2B2012920B00F6BC4F /* Box.swift in Sources */,
				82340BBC1FFDF3390034204F /* StellarTypes.swift in Sources */,
				82ECAB90200367660010E31F /* KeyStore.swift in Sources */,
				82340BBA1FFDF3390034204F /* Conversion.swift in Sources */,
				82340BBB1FFDF3390034204F /* XDRCodable.swift in Sources */,
				E97A9D732012920B00F6BC4F /* SecretStream.swift in Sources */,
				E97A9D742012920B00F6BC4F /* ShortHash.swift in Sources */,
				82ECAB8C2003290F0010E31F /* KeyUtils.swift in Sources */,
				E9E21C952012AB4500170419 /* TegKeychainConstants.swift in Sources */,
				E97A9D722012920B00F6BC4F /* SecretBox.swift in Sources */,
				E97A9D772012920B00F6BC4F /* Sodium.swift in Sources */,
				E97A9D702012920B00F6BC4F /* PWHash.swift in Sources */,
				82340BDD1FFE24EE0034204F /* Stellar.swift in Sources */,
				E97A9D752012920B00F6BC4F /* Sign.swift in Sources */,
				E97A9D2E2012920B00F6BC4F /* KeyDerivation.swift in Sources */,
				82340C4B20014BFC0034204F /* StellarErrors.swift in Sources */,
				82340C45200138E50034204F /* StellarResults.swift in Sources */,
				82340BD41FFDF7780034204F /* Data+extensions.swift in Sources */,
			);
			runOnlyForDeploymentPostprocessing = 0;
		};
		82340BA11FFDF2DA0034204F /* Sources */ = {
			isa = PBXSourcesBuildPhase;
			buildActionMask = 2147483647;
			files = (
				82ECAB8A2002A2880010E31F /* XDRTests.swift in Sources */,
				825BD8922007CFCB00AF981A /* KeyStoreTests.swift in Sources */,
				82340BAB1FFDF2DA0034204F /* StellarKinKitTests.swift in Sources */,
			);
			runOnlyForDeploymentPostprocessing = 0;
		};
		82340BBD1FFDF3F30034204F /* Sources */ = {
			isa = PBXSourcesBuildPhase;
			buildActionMask = 2147483647;
			files = (
				82340BC61FFDF3F30034204F /* ViewController.swift in Sources */,
				82340BC41FFDF3F30034204F /* AppDelegate.swift in Sources */,
			);
			runOnlyForDeploymentPostprocessing = 0;
		};
/* End PBXSourcesBuildPhase section */

/* Begin PBXTargetDependency section */
		82340BA81FFDF2DA0034204F /* PBXTargetDependency */ = {
			isa = PBXTargetDependency;
			target = 82340B9B1FFDF2DA0034204F /* StellarKinKit */;
			targetProxy = 82340BA71FFDF2DA0034204F /* PBXContainerItemProxy */;
		};
		82ECAB95200380290010E31F /* PBXTargetDependency */ = {
			isa = PBXTargetDependency;
			target = 82340BC01FFDF3F30034204F /* StellarKinKitHost */;
			targetProxy = 82ECAB94200380290010E31F /* PBXContainerItemProxy */;
		};
/* End PBXTargetDependency section */

/* Begin PBXVariantGroup section */
		82340BC71FFDF3F30034204F /* Main.storyboard */ = {
			isa = PBXVariantGroup;
			children = (
				82340BC81FFDF3F30034204F /* Base */,
			);
			name = Main.storyboard;
			sourceTree = "<group>";
		};
		82340BCC1FFDF3F30034204F /* LaunchScreen.storyboard */ = {
			isa = PBXVariantGroup;
			children = (
				82340BCD1FFDF3F30034204F /* Base */,
			);
			name = LaunchScreen.storyboard;
			sourceTree = "<group>";
		};
/* End PBXVariantGroup section */

/* Begin XCBuildConfiguration section */
		82340BAE1FFDF2DA0034204F /* Debug */ = {
			isa = XCBuildConfiguration;
			buildSettings = {
				ALWAYS_SEARCH_USER_PATHS = NO;
				CLANG_ANALYZER_NONNULL = YES;
				CLANG_ANALYZER_NUMBER_OBJECT_CONVERSION = YES_AGGRESSIVE;
				CLANG_CXX_LANGUAGE_STANDARD = "gnu++14";
				CLANG_CXX_LIBRARY = "libc++";
				CLANG_ENABLE_MODULES = YES;
				CLANG_ENABLE_OBJC_ARC = YES;
				CLANG_WARN_BLOCK_CAPTURE_AUTORELEASING = YES;
				CLANG_WARN_BOOL_CONVERSION = YES;
				CLANG_WARN_COMMA = YES;
				CLANG_WARN_CONSTANT_CONVERSION = YES;
				CLANG_WARN_DIRECT_OBJC_ISA_USAGE = YES_ERROR;
				CLANG_WARN_DOCUMENTATION_COMMENTS = YES;
				CLANG_WARN_EMPTY_BODY = YES;
				CLANG_WARN_ENUM_CONVERSION = YES;
				CLANG_WARN_INFINITE_RECURSION = YES;
				CLANG_WARN_INT_CONVERSION = YES;
				CLANG_WARN_NON_LITERAL_NULL_CONVERSION = YES;
				CLANG_WARN_OBJC_LITERAL_CONVERSION = YES;
				CLANG_WARN_OBJC_ROOT_CLASS = YES_ERROR;
				CLANG_WARN_RANGE_LOOP_ANALYSIS = YES;
				CLANG_WARN_STRICT_PROTOTYPES = YES;
				CLANG_WARN_SUSPICIOUS_MOVE = YES;
				CLANG_WARN_UNGUARDED_AVAILABILITY = YES_AGGRESSIVE;
				CLANG_WARN_UNREACHABLE_CODE = YES;
				CLANG_WARN__DUPLICATE_METHOD_MATCH = YES;
				CODE_SIGN_IDENTITY = "iPhone Developer";
				COPY_PHASE_STRIP = NO;
				CURRENT_PROJECT_VERSION = 1;
				DEBUG_INFORMATION_FORMAT = dwarf;
				ENABLE_BITCODE = NO;
				ENABLE_STRICT_OBJC_MSGSEND = YES;
				ENABLE_TESTABILITY = YES;
				GCC_C_LANGUAGE_STANDARD = gnu11;
				GCC_DYNAMIC_NO_PIC = NO;
				GCC_NO_COMMON_BLOCKS = YES;
				GCC_OPTIMIZATION_LEVEL = 0;
				GCC_PREPROCESSOR_DEFINITIONS = (
					"DEBUG=1",
					"$(inherited)",
				);
				GCC_WARN_64_TO_32_BIT_CONVERSION = YES;
				GCC_WARN_ABOUT_RETURN_TYPE = YES_ERROR;
				GCC_WARN_UNDECLARED_SELECTOR = YES;
				GCC_WARN_UNINITIALIZED_AUTOS = YES_AGGRESSIVE;
				GCC_WARN_UNUSED_FUNCTION = YES;
				GCC_WARN_UNUSED_VARIABLE = YES;
				IPHONEOS_DEPLOYMENT_TARGET = 11.2;
				LIBRARY_SEARCH_PATHS = "$(SRCROOT)/swift-sodium/Sodium/libsodium";
				MTL_ENABLE_DEBUG_INFO = YES;
				ONLY_ACTIVE_ARCH = YES;
				OTHER_LDFLAGS = "-lsodium-ios";
				SDKROOT = iphoneos;
				SWIFT_ACTIVE_COMPILATION_CONDITIONS = DEBUG;
				SWIFT_INCLUDE_PATHS = "$(SRCROOT)/swift-sodium/Sodium/libsodium";
				SWIFT_OPTIMIZATION_LEVEL = "-Onone";
				VALID_ARCHS = "arm64 armv7s armv7";
				VERSIONING_SYSTEM = "apple-generic";
				VERSION_INFO_PREFIX = "";
			};
			name = Debug;
		};
		82340BAF1FFDF2DA0034204F /* Release */ = {
			isa = XCBuildConfiguration;
			buildSettings = {
				ALWAYS_SEARCH_USER_PATHS = NO;
				CLANG_ANALYZER_NONNULL = YES;
				CLANG_ANALYZER_NUMBER_OBJECT_CONVERSION = YES_AGGRESSIVE;
				CLANG_CXX_LANGUAGE_STANDARD = "gnu++14";
				CLANG_CXX_LIBRARY = "libc++";
				CLANG_ENABLE_MODULES = YES;
				CLANG_ENABLE_OBJC_ARC = YES;
				CLANG_WARN_BLOCK_CAPTURE_AUTORELEASING = YES;
				CLANG_WARN_BOOL_CONVERSION = YES;
				CLANG_WARN_COMMA = YES;
				CLANG_WARN_CONSTANT_CONVERSION = YES;
				CLANG_WARN_DIRECT_OBJC_ISA_USAGE = YES_ERROR;
				CLANG_WARN_DOCUMENTATION_COMMENTS = YES;
				CLANG_WARN_EMPTY_BODY = YES;
				CLANG_WARN_ENUM_CONVERSION = YES;
				CLANG_WARN_INFINITE_RECURSION = YES;
				CLANG_WARN_INT_CONVERSION = YES;
				CLANG_WARN_NON_LITERAL_NULL_CONVERSION = YES;
				CLANG_WARN_OBJC_LITERAL_CONVERSION = YES;
				CLANG_WARN_OBJC_ROOT_CLASS = YES_ERROR;
				CLANG_WARN_RANGE_LOOP_ANALYSIS = YES;
				CLANG_WARN_STRICT_PROTOTYPES = YES;
				CLANG_WARN_SUSPICIOUS_MOVE = YES;
				CLANG_WARN_UNGUARDED_AVAILABILITY = YES_AGGRESSIVE;
				CLANG_WARN_UNREACHABLE_CODE = YES;
				CLANG_WARN__DUPLICATE_METHOD_MATCH = YES;
				CODE_SIGN_IDENTITY = "iPhone Developer";
				COPY_PHASE_STRIP = NO;
				CURRENT_PROJECT_VERSION = 1;
				DEBUG_INFORMATION_FORMAT = "dwarf-with-dsym";
				ENABLE_BITCODE = NO;
				ENABLE_NS_ASSERTIONS = NO;
				ENABLE_STRICT_OBJC_MSGSEND = YES;
				GCC_C_LANGUAGE_STANDARD = gnu11;
				GCC_NO_COMMON_BLOCKS = YES;
				GCC_WARN_64_TO_32_BIT_CONVERSION = YES;
				GCC_WARN_ABOUT_RETURN_TYPE = YES_ERROR;
				GCC_WARN_UNDECLARED_SELECTOR = YES;
				GCC_WARN_UNINITIALIZED_AUTOS = YES_AGGRESSIVE;
				GCC_WARN_UNUSED_FUNCTION = YES;
				GCC_WARN_UNUSED_VARIABLE = YES;
				IPHONEOS_DEPLOYMENT_TARGET = 11.2;
				LIBRARY_SEARCH_PATHS = "$(SRCROOT)/swift-sodium/Sodium/libsodium";
				MTL_ENABLE_DEBUG_INFO = NO;
				OTHER_LDFLAGS = "-lsodium-ios";
				SDKROOT = iphoneos;
				SWIFT_INCLUDE_PATHS = "$(SRCROOT)/swift-sodium/Sodium/libsodium";
				SWIFT_OPTIMIZATION_LEVEL = "-Owholemodule";
				VALIDATE_PRODUCT = YES;
				VALID_ARCHS = "arm64 armv7s armv7";
				VERSIONING_SYSTEM = "apple-generic";
				VERSION_INFO_PREFIX = "";
			};
			name = Release;
		};
		82340BB11FFDF2DA0034204F /* Debug */ = {
			isa = XCBuildConfiguration;
			buildSettings = {
				CLANG_ENABLE_MODULES = YES;
				CODE_SIGN_IDENTITY = "";
				CODE_SIGN_STYLE = Automatic;
				DEFINES_MODULE = YES;
				DEVELOPMENT_TEAM = MZAK745F32;
				DYLIB_COMPATIBILITY_VERSION = 1;
				DYLIB_CURRENT_VERSION = 1;
				DYLIB_INSTALL_NAME_BASE = "@rpath";
				ENABLE_BITCODE = NO;
				HEADER_SEARCH_PATHS = "${BUILT_PRODUCTS_DIR}/CommonCryptoModuleMap";
				INFOPLIST_FILE = StellarKinKit/Info.plist;
				INSTALL_PATH = "$(LOCAL_LIBRARY_DIR)/Frameworks";
				IPHONEOS_DEPLOYMENT_TARGET = 8.1;
				LD_RUNPATH_SEARCH_PATHS = "$(inherited) @executable_path/Frameworks @loader_path/Frameworks";
				LIBRARY_SEARCH_PATHS = (
					"$(inherited)",
					"$(PROJECT_DIR)/swift-sodium/Sodium/libsodium",
				);
				PRODUCT_BUNDLE_IDENTIFIER = com.kinfoundation.StellarKinKit;
				PRODUCT_NAME = "$(TARGET_NAME:c99extidentifier)";
				SKIP_INSTALL = YES;
				SWIFT_OPTIMIZATION_LEVEL = "-Onone";
				SWIFT_VERSION = 4.0;
				TARGETED_DEVICE_FAMILY = "1,2";
			};
			name = Debug;
		};
		82340BB21FFDF2DA0034204F /* Release */ = {
			isa = XCBuildConfiguration;
			buildSettings = {
				CLANG_ENABLE_MODULES = YES;
				CODE_SIGN_IDENTITY = "";
				CODE_SIGN_STYLE = Automatic;
				DEFINES_MODULE = YES;
				DEVELOPMENT_TEAM = MZAK745F32;
				DYLIB_COMPATIBILITY_VERSION = 1;
				DYLIB_CURRENT_VERSION = 1;
				DYLIB_INSTALL_NAME_BASE = "@rpath";
				ENABLE_BITCODE = NO;
				HEADER_SEARCH_PATHS = "${BUILT_PRODUCTS_DIR}/CommonCryptoModuleMap";
				INFOPLIST_FILE = StellarKinKit/Info.plist;
				INSTALL_PATH = "$(LOCAL_LIBRARY_DIR)/Frameworks";
				IPHONEOS_DEPLOYMENT_TARGET = 8.1;
				LD_RUNPATH_SEARCH_PATHS = "$(inherited) @executable_path/Frameworks @loader_path/Frameworks";
				LIBRARY_SEARCH_PATHS = (
					"$(inherited)",
					"$(PROJECT_DIR)/swift-sodium/Sodium/libsodium",
				);
				PRODUCT_BUNDLE_IDENTIFIER = com.kinfoundation.StellarKinKit;
				PRODUCT_NAME = "$(TARGET_NAME:c99extidentifier)";
				SKIP_INSTALL = YES;
				SWIFT_VERSION = 4.0;
				TARGETED_DEVICE_FAMILY = "1,2";
			};
			name = Release;
		};
		82340BB41FFDF2DA0034204F /* Debug */ = {
			isa = XCBuildConfiguration;
			buildSettings = {
				ALWAYS_EMBED_SWIFT_STANDARD_LIBRARIES = YES;
				CODE_SIGN_STYLE = Automatic;
				DEVELOPMENT_TEAM = MZAK745F32;
				INFOPLIST_FILE = StellarKinKitTests/Info.plist;
				LD_RUNPATH_SEARCH_PATHS = "$(inherited) @executable_path/Frameworks @loader_path/Frameworks";
				PRODUCT_BUNDLE_IDENTIFIER = com.kinfoundation.StellarKinKitTests;
				PRODUCT_NAME = "$(TARGET_NAME)";
				SWIFT_VERSION = 4.0;
				TARGETED_DEVICE_FAMILY = "1,2";
				TEST_HOST = "$(BUILT_PRODUCTS_DIR)/StellarKinKitHost.app/StellarKinKitHost";
			};
			name = Debug;
		};
		82340BB51FFDF2DA0034204F /* Release */ = {
			isa = XCBuildConfiguration;
			buildSettings = {
				ALWAYS_EMBED_SWIFT_STANDARD_LIBRARIES = YES;
				CODE_SIGN_STYLE = Automatic;
				DEVELOPMENT_TEAM = MZAK745F32;
				INFOPLIST_FILE = StellarKinKitTests/Info.plist;
				LD_RUNPATH_SEARCH_PATHS = "$(inherited) @executable_path/Frameworks @loader_path/Frameworks";
				PRODUCT_BUNDLE_IDENTIFIER = com.kinfoundation.StellarKinKitTests;
				PRODUCT_NAME = "$(TARGET_NAME)";
				SWIFT_VERSION = 4.0;
				TARGETED_DEVICE_FAMILY = "1,2";
				TEST_HOST = "$(BUILT_PRODUCTS_DIR)/StellarKinKitHost.app/StellarKinKitHost";
			};
			name = Release;
		};
		82340BD11FFDF3F30034204F /* Debug */ = {
			isa = XCBuildConfiguration;
			buildSettings = {
				ASSETCATALOG_COMPILER_APPICON_NAME = AppIcon;
				CODE_SIGN_STYLE = Automatic;
				DEVELOPMENT_TEAM = MZAK745F32;
				INFOPLIST_FILE = StellarKinKitHost/Info.plist;
				LD_RUNPATH_SEARCH_PATHS = "$(inherited) @executable_path/Frameworks";
				PRODUCT_BUNDLE_IDENTIFIER = com.kinfoundation.StellarKinKitHost;
				PRODUCT_NAME = "$(TARGET_NAME)";
				SWIFT_VERSION = 4.0;
				TARGETED_DEVICE_FAMILY = "1,2";
			};
			name = Debug;
		};
		82340BD21FFDF3F30034204F /* Release */ = {
			isa = XCBuildConfiguration;
			buildSettings = {
				ASSETCATALOG_COMPILER_APPICON_NAME = AppIcon;
				CODE_SIGN_STYLE = Automatic;
				DEVELOPMENT_TEAM = MZAK745F32;
				INFOPLIST_FILE = StellarKinKitHost/Info.plist;
				LD_RUNPATH_SEARCH_PATHS = "$(inherited) @executable_path/Frameworks";
				PRODUCT_BUNDLE_IDENTIFIER = com.kinfoundation.StellarKinKitHost;
				PRODUCT_NAME = "$(TARGET_NAME)";
				SWIFT_VERSION = 4.0;
				TARGETED_DEVICE_FAMILY = "1,2";
			};
			name = Release;
		};
/* End XCBuildConfiguration section */

/* Begin XCConfigurationList section */
		82340B961FFDF2DA0034204F /* Build configuration list for PBXProject "StellarKinKit" */ = {
			isa = XCConfigurationList;
			buildConfigurations = (
				82340BAE1FFDF2DA0034204F /* Debug */,
				82340BAF1FFDF2DA0034204F /* Release */,
			);
			defaultConfigurationIsVisible = 0;
			defaultConfigurationName = Release;
		};
		82340BB01FFDF2DA0034204F /* Build configuration list for PBXNativeTarget "StellarKinKit" */ = {
			isa = XCConfigurationList;
			buildConfigurations = (
				82340BB11FFDF2DA0034204F /* Debug */,
				82340BB21FFDF2DA0034204F /* Release */,
			);
			defaultConfigurationIsVisible = 0;
			defaultConfigurationName = Release;
		};
		82340BB31FFDF2DA0034204F /* Build configuration list for PBXNativeTarget "StellarKinKitTests" */ = {
			isa = XCConfigurationList;
			buildConfigurations = (
				82340BB41FFDF2DA0034204F /* Debug */,
				82340BB51FFDF2DA0034204F /* Release */,
			);
			defaultConfigurationIsVisible = 0;
			defaultConfigurationName = Release;
		};
		82340BD01FFDF3F30034204F /* Build configuration list for PBXNativeTarget "StellarKinKitHost" */ = {
			isa = XCConfigurationList;
			buildConfigurations = (
				82340BD11FFDF3F30034204F /* Debug */,
				82340BD21FFDF3F30034204F /* Release */,
			);
			defaultConfigurationIsVisible = 0;
			defaultConfigurationName = Release;
		};
/* End XCConfigurationList section */
	};
	rootObject = 82340B931FFDF2DA0034204F /* Project object */;
}
